// !$*UTF8*$!
{
	archiveVersion = 1;
	classes = {
	};
	objectVersion = 56;
	objects = {

/* Begin PBXBuildFile section */
		47355DAB2D936607000405F2 /* Desafio8App.swift in Sources */ = {isa = PBXBuildFile; fileRef = 47355DAA2D936607000405F2 /* Desafio8App.swift */; };
		47355DAD2D936607000405F2 /* ContentView.swift in Sources */ = {isa = PBXBuildFile; fileRef = 47355DAC2D936607000405F2 /* ContentView.swift */; };
		47355DAF2D936609000405F2 /* Assets.xcassets in Resources */ = {isa = PBXBuildFile; fileRef = 47355DAE2D936609000405F2 /* Assets.xcassets */; };
		47355DB32D936609000405F2 /* Preview Assets.xcassets in Resources */ = {isa = PBXBuildFile; fileRef = 47355DB22D936609000405F2 /* Preview Assets.xcassets */; };
		47355DBD2D936609000405F2 /* Desafio8Tests.swift in Sources */ = {isa = PBXBuildFile; fileRef = 47355DBC2D936609000405F2 /* Desafio8Tests.swift */; };
		47355DC72D936609000405F2 /* Desafio8UITests.swift in Sources */ = {isa = PBXBuildFile; fileRef = 47355DC62D936609000405F2 /* Desafio8UITests.swift */; };
		47355DC92D936609000405F2 /* Desafio8UITestsLaunchTests.swift in Sources */ = {isa = PBXBuildFile; fileRef = 47355DC82D936609000405F2 /* Desafio8UITestsLaunchTests.swift */; };
/* End PBXBuildFile section */

/* Begin PBXContainerItemProxy section */
		47355DB92D936609000405F2 /* PBXContainerItemProxy */ = {
			isa = PBXContainerItemProxy;
			containerPortal = 47355D9F2D936607000405F2 /* Project object */;
			proxyType = 1;
			remoteGlobalIDString = 47355DA62D936607000405F2;
			remoteInfo = Desafio8;
		};
		47355DC32D936609000405F2 /* PBXContainerItemProxy */ = {
			isa = PBXContainerItemProxy;
			containerPortal = 47355D9F2D936607000405F2 /* Project object */;
			proxyType = 1;
			remoteGlobalIDString = 47355DA62D936607000405F2;
			remoteInfo = Desafio8;
		};
/* End PBXContainerItemProxy section */

/* Begin PBXFileReference section */
		47355DA72D936607000405F2 /* Desafio8.app */ = {isa = PBXFileReference; explicitFileType = wrapper.application; includeInIndex = 0; path = Desafio8.app; sourceTree = BUILT_PRODUCTS_DIR; };
		47355DAA2D936607000405F2 /* Desafio8App.swift */ = {isa = PBXFileReference; lastKnownFileType = sourcecode.swift; path = Desafio8App.swift; sourceTree = "<group>"; };
		47355DAC2D936607000405F2 /* ContentView.swift */ = {isa = PBXFileReference; lastKnownFileType = sourcecode.swift; path = ContentView.swift; sourceTree = "<group>"; };
		47355DAE2D936609000405F2 /* Assets.xcassets */ = {isa = PBXFileReference; lastKnownFileType = folder.assetcatalog; path = Assets.xcassets; sourceTree = "<group>"; };
		47355DB02D936609000405F2 /* Desafio8.entitlements */ = {isa = PBXFileReference; lastKnownFileType = text.plist.entitlements; path = Desafio8.entitlements; sourceTree = "<group>"; };
		47355DB22D936609000405F2 /* Preview Assets.xcassets */ = {isa = PBXFileReference; lastKnownFileType = folder.assetcatalog; path = "Preview Assets.xcassets"; sourceTree = "<group>"; };
		47355DB82D936609000405F2 /* Desafio8Tests.xctest */ = {isa = PBXFileReference; explicitFileType = wrapper.cfbundle; includeInIndex = 0; path = Desafio8Tests.xctest; sourceTree = BUILT_PRODUCTS_DIR; };
		47355DBC2D936609000405F2 /* Desafio8Tests.swift */ = {isa = PBXFileReference; lastKnownFileType = sourcecode.swift; path = Desafio8Tests.swift; sourceTree = "<group>"; };
		47355DC22D936609000405F2 /* Desafio8UITests.xctest */ = {isa = PBXFileReference; explicitFileType = wrapper.cfbundle; includeInIndex = 0; path = Desafio8UITests.xctest; sourceTree = BUILT_PRODUCTS_DIR; };
		47355DC62D936609000405F2 /* Desafio8UITests.swift */ = {isa = PBXFileReference; lastKnownFileType = sourcecode.swift; path = Desafio8UITests.swift; sourceTree = "<group>"; };
		47355DC82D936609000405F2 /* Desafio8UITestsLaunchTests.swift */ = {isa = PBXFileReference; lastKnownFileType = sourcecode.swift; path = Desafio8UITestsLaunchTests.swift; sourceTree = "<group>"; };
/* End PBXFileReference section */

/* Begin PBXFrameworksBuildPhase section */
		47355DA42D936607000405F2 /* Frameworks */ = {
			isa = PBXFrameworksBuildPhase;
			buildActionMask = 2147483647;
			files = (
			);
			runOnlyForDeploymentPostprocessing = 0;
		};
		47355DB52D936609000405F2 /* Frameworks */ = {
			isa = PBXFrameworksBuildPhase;
			buildActionMask = 2147483647;
			files = (
			);
			runOnlyForDeploymentPostprocessing = 0;
		};
		47355DBF2D936609000405F2 /* Frameworks */ = {
			isa = PBXFrameworksBuildPhase;
			buildActionMask = 2147483647;
			files = (
			);
			runOnlyForDeploymentPostprocessing = 0;
		};
/* End PBXFrameworksBuildPhase section */

/* Begin PBXGroup section */
		47355D9E2D936607000405F2 = {
			isa = PBXGroup;
			children = (
				47355DA92D936607000405F2 /* Desafio8 */,
				47355DBB2D936609000405F2 /* Desafio8Tests */,
				47355DC52D936609000405F2 /* Desafio8UITests */,
				47355DA82D936607000405F2 /* Products */,
			);
			sourceTree = "<group>";
		};
		47355DA82D936607000405F2 /* Products */ = {
			isa = PBXGroup;
			children = (
				47355DA72D936607000405F2 /* Desafio8.app */,
				47355DB82D936609000405F2 /* Desafio8Tests.xctest */,
				47355DC22D936609000405F2 /* Desafio8UITests.xctest */,
			);
			name = Products;
			sourceTree = "<group>";
		};
		47355DA92D936607000405F2 /* Desafio8 */ = {
			isa = PBXGroup;
			children = (
				47355DAA2D936607000405F2 /* Desafio8App.swift */,
				47355DAC2D936607000405F2 /* ContentView.swift */,
				47355DAE2D936609000405F2 /* Assets.xcassets */,
				47355DB02D936609000405F2 /* Desafio8.entitlements */,
				47355DB12D936609000405F2 /* Preview Content */,
			);
			path = Desafio8;
			sourceTree = "<group>";
		};
		47355DB12D936609000405F2 /* Preview Content */ = {
			isa = PBXGroup;
			children = (
				47355DB22D936609000405F2 /* Preview Assets.xcassets */,
			);
			path = "Preview Content";
			sourceTree = "<group>";
		};
		47355DBB2D936609000405F2 /* Desafio8Tests */ = {
			isa = PBXGroup;
			children = (
				47355DBC2D936609000405F2 /* Desafio8Tests.swift */,
			);
			path = Desafio8Tests;
			sourceTree = "<group>";
		};
		47355DC52D936609000405F2 /* Desafio8UITests */ = {
			isa = PBXGroup;
			children = (
				47355DC62D936609000405F2 /* Desafio8UITests.swift */,
				47355DC82D936609000405F2 /* Desafio8UITestsLaunchTests.swift */,
			);
			path = Desafio8UITests;
			sourceTree = "<group>";
		};
/* End PBXGroup section */

/* Begin PBXNativeTarget section */
		47355DA62D936607000405F2 /* Desafio8 */ = {
			isa = PBXNativeTarget;
			buildConfigurationList = 47355DCC2D936609000405F2 /* Build configuration list for PBXNativeTarget "Desafio8" */;
			buildPhases = (
				47355DA32D936607000405F2 /* Sources */,
				47355DA42D936607000405F2 /* Frameworks */,
				47355DA52D936607000405F2 /* Resources */,
			);
			buildRules = (
			);
			dependencies = (
			);
			name = Desafio8;
			productName = Desafio8;
			productReference = 47355DA72D936607000405F2 /* Desafio8.app */;
			productType = "com.apple.product-type.application";
		};
		47355DB72D936609000405F2 /* Desafio8Tests */ = {
			isa = PBXNativeTarget;
			buildConfigurationList = 47355DCF2D936609000405F2 /* Build configuration list for PBXNativeTarget "Desafio8Tests" */;
			buildPhases = (
				47355DB42D936609000405F2 /* Sources */,
				47355DB52D936609000405F2 /* Frameworks */,
				47355DB62D936609000405F2 /* Resources */,
			);
			buildRules = (
			);
			dependencies = (
				47355DBA2D936609000405F2 /* PBXTargetDependency */,
			);
			name = Desafio8Tests;
			productName = Desafio8Tests;
			productReference = 47355DB82D936609000405F2 /* Desafio8Tests.xctest */;
			productType = "com.apple.product-type.bundle.unit-test";
		};
		47355DC12D936609000405F2 /* Desafio8UITests */ = {
			isa = PBXNativeTarget;
			buildConfigurationList = 47355DD22D936609000405F2 /* Build configuration list for PBXNativeTarget "Desafio8UITests" */;
			buildPhases = (
				47355DBE2D936609000405F2 /* Sources */,
				47355DBF2D936609000405F2 /* Frameworks */,
				47355DC02D936609000405F2 /* Resources */,
			);
			buildRules = (
			);
			dependencies = (
				47355DC42D936609000405F2 /* PBXTargetDependency */,
			);
			name = Desafio8UITests;
			productName = Desafio8UITests;
			productReference = 47355DC22D936609000405F2 /* Desafio8UITests.xctest */;
			productType = "com.apple.product-type.bundle.ui-testing";
		};
/* End PBXNativeTarget section */

/* Begin PBXProject section */
		47355D9F2D936607000405F2 /* Project object */ = {
			isa = PBXProject;
			attributes = {
				BuildIndependentTargetsInParallel = 1;
				LastSwiftUpdateCheck = 1540;
				LastUpgradeCheck = 1540;
				TargetAttributes = {
					47355DA62D936607000405F2 = {
						CreatedOnToolsVersion = 15.4;
					};
					47355DB72D936609000405F2 = {
						CreatedOnToolsVersion = 15.4;
						TestTargetID = 47355DA62D936607000405F2;
					};
					47355DC12D936609000405F2 = {
						CreatedOnToolsVersion = 15.4;
						TestTargetID = 47355DA62D936607000405F2;
					};
				};
			};
			buildConfigurationList = 47355DA22D936607000405F2 /* Build configuration list for PBXProject "Desafio8" */;
			compatibilityVersion = "Xcode 14.0";
			developmentRegion = en;
			hasScannedForEncodings = 0;
			knownRegions = (
				en,
				Base,
			);
			mainGroup = 47355D9E2D936607000405F2;
			productRefGroup = 47355DA82D936607000405F2 /* Products */;
			projectDirPath = "";
			projectRoot = "";
			targets = (
				47355DA62D936607000405F2 /* Desafio8 */,
				47355DB72D936609000405F2 /* Desafio8Tests */,
				47355DC12D936609000405F2 /* Desafio8UITests */,
			);
		};
/* End PBXProject section */

/* Begin PBXResourcesBuildPhase section */
		47355DA52D936607000405F2 /* Resources */ = {
			isa = PBXResourcesBuildPhase;
			buildActionMask = 2147483647;
			files = (
				47355DB32D936609000405F2 /* Preview Assets.xcassets in Resources */,
				47355DAF2D936609000405F2 /* Assets.xcassets in Resources */,
			);
			runOnlyForDeploymentPostprocessing = 0;
		};
		47355DB62D936609000405F2 /* Resources */ = {
			isa = PBXResourcesBuildPhase;
			buildActionMask = 2147483647;
			files = (
			);
			runOnlyForDeploymentPostprocessing = 0;
		};
		47355DC02D936609000405F2 /* Resources */ = {
			isa = PBXResourcesBuildPhase;
			buildActionMask = 2147483647;
			files = (
			);
			runOnlyForDeploymentPostprocessing = 0;
		};
/* End PBXResourcesBuildPhase section */

/* Begin PBXSourcesBuildPhase section */
		47355DA32D936607000405F2 /* Sources */ = {
			isa = PBXSourcesBuildPhase;
			buildActionMask = 2147483647;
			files = (
				47355DAD2D936607000405F2 /* ContentView.swift in Sources */,
				47355DAB2D936607000405F2 /* Desafio8App.swift in Sources */,
			);
			runOnlyForDeploymentPostprocessing = 0;
		};
		47355DB42D936609000405F2 /* Sources */ = {
			isa = PBXSourcesBuildPhase;
			buildActionMask = 2147483647;
			files = (
				47355DBD2D936609000405F2 /* Desafio8Tests.swift in Sources */,
			);
			runOnlyForDeploymentPostprocessing = 0;
		};
		47355DBE2D936609000405F2 /* Sources */ = {
			isa = PBXSourcesBuildPhase;
			buildActionMask = 2147483647;
			files = (
				47355DC92D936609000405F2 /* Desafio8UITestsLaunchTests.swift in Sources */,
				47355DC72D936609000405F2 /* Desafio8UITests.swift in Sources */,
			);
			runOnlyForDeploymentPostprocessing = 0;
		};
/* End PBXSourcesBuildPhase section */

/* Begin PBXTargetDependency section */
		47355DBA2D936609000405F2 /* PBXTargetDependency */ = {
			isa = PBXTargetDependency;
			target = 47355DA62D936607000405F2 /* Desafio8 */;
			targetProxy = 47355DB92D936609000405F2 /* PBXContainerItemProxy */;
		};
		47355DC42D936609000405F2 /* PBXTargetDependency */ = {
			isa = PBXTargetDependency;
			target = 47355DA62D936607000405F2 /* Desafio8 */;
			targetProxy = 47355DC32D936609000405F2 /* PBXContainerItemProxy */;
		};
/* End PBXTargetDependency section */

/* Begin XCBuildConfiguration section */
		47355DCA2D936609000405F2 /* Debug */ = {
			isa = XCBuildConfiguration;
			buildSettings = {
				ALWAYS_SEARCH_USER_PATHS = NO;
				ASSETCATALOG_COMPILER_GENERATE_SWIFT_ASSET_SYMBOL_EXTENSIONS = YES;
				CLANG_ANALYZER_NONNULL = YES;
				CLANG_ANALYZER_NUMBER_OBJECT_CONVERSION = YES_AGGRESSIVE;
				CLANG_CXX_LANGUAGE_STANDARD = "gnu++20";
				CLANG_ENABLE_MODULES = YES;
				CLANG_ENABLE_OBJC_ARC = YES;
				CLANG_ENABLE_OBJC_WEAK = YES;
				CLANG_WARN_BLOCK_CAPTURE_AUTORELEASING = YES;
				CLANG_WARN_BOOL_CONVERSION = YES;
				CLANG_WARN_COMMA = YES;
				CLANG_WARN_CONSTANT_CONVERSION = YES;
				CLANG_WARN_DEPRECATED_OBJC_IMPLEMENTATIONS = YES;
				CLANG_WARN_DIRECT_OBJC_ISA_USAGE = YES_ERROR;
				CLANG_WARN_DOCUMENTATION_COMMENTS = YES;
				CLANG_WARN_EMPTY_BODY = YES;
				CLANG_WARN_ENUM_CONVERSION = YES;
				CLANG_WARN_INFINITE_RECURSION = YES;
				CLANG_WARN_INT_CONVERSION = YES;
				CLANG_WARN_NON_LITERAL_NULL_CONVERSION = YES;
				CLANG_WARN_OBJC_IMPLICIT_RETAIN_SELF = YES;
				CLANG_WARN_OBJC_LITERAL_CONVERSION = YES;
				CLANG_WARN_OBJC_ROOT_CLASS = YES_ERROR;
				CLANG_WARN_QUOTED_INCLUDE_IN_FRAMEWORK_HEADER = YES;
				CLANG_WARN_RANGE_LOOP_ANALYSIS = YES;
				CLANG_WARN_STRICT_PROTOTYPES = YES;
				CLANG_WARN_SUSPICIOUS_MOVE = YES;
				CLANG_WARN_UNGUARDED_AVAILABILITY = YES_AGGRESSIVE;
				CLANG_WARN_UNREACHABLE_CODE = YES;
				CLANG_WARN__DUPLICATE_METHOD_MATCH = YES;
				COPY_PHASE_STRIP = NO;
				DEBUG_INFORMATION_FORMAT = dwarf;
				ENABLE_STRICT_OBJC_MSGSEND = YES;
				ENABLE_TESTABILITY = YES;
				ENABLE_USER_SCRIPT_SANDBOXING = YES;
				GCC_C_LANGUAGE_STANDARD = gnu17;
				GCC_DYNAMIC_NO_PIC = NO;
				GCC_NO_COMMON_BLOCKS = YES;
				GCC_OPTIMIZATION_LEVEL = 0;
				GCC_PREPROCESSOR_DEFINITIONS = (
					"DEBUG=1",
					"$(inherited)",
				);
				GCC_WARN_64_TO_32_BIT_CONVERSION = YES;
				GCC_WARN_ABOUT_RETURN_TYPE = YES_ERROR;
				GCC_WARN_UNDECLARED_SELECTOR = YES;
				GCC_WARN_UNINITIALIZED_AUTOS = YES_AGGRESSIVE;
				GCC_WARN_UNUSED_FUNCTION = YES;
				GCC_WARN_UNUSED_VARIABLE = YES;
				LOCALIZATION_PREFERS_STRING_CATALOGS = YES;
				MTL_ENABLE_DEBUG_INFO = INCLUDE_SOURCE;
				MTL_FAST_MATH = YES;
				ONLY_ACTIVE_ARCH = YES;
				SWIFT_ACTIVE_COMPILATION_CONDITIONS = "DEBUG $(inherited)";
				SWIFT_OPTIMIZATION_LEVEL = "-Onone";
			};
			name = Debug;
		};
		47355DCB2D936609000405F2 /* Release */ = {
			isa = XCBuildConfiguration;
			buildSettings = {
				ALWAYS_SEARCH_USER_PATHS = NO;
				ASSETCATALOG_COMPILER_GENERATE_SWIFT_ASSET_SYMBOL_EXTENSIONS = YES;
				CLANG_ANALYZER_NONNULL = YES;
				CLANG_ANALYZER_NUMBER_OBJECT_CONVERSION = YES_AGGRESSIVE;
				CLANG_CXX_LANGUAGE_STANDARD = "gnu++20";
				CLANG_ENABLE_MODULES = YES;
				CLANG_ENABLE_OBJC_ARC = YES;
				CLANG_ENABLE_OBJC_WEAK = YES;
				CLANG_WARN_BLOCK_CAPTURE_AUTORELEASING = YES;
				CLANG_WARN_BOOL_CONVERSION = YES;
				CLANG_WARN_COMMA = YES;
				CLANG_WARN_CONSTANT_CONVERSION = YES;
				CLANG_WARN_DEPRECATED_OBJC_IMPLEMENTATIONS = YES;
				CLANG_WARN_DIRECT_OBJC_ISA_USAGE = YES_ERROR;
				CLANG_WARN_DOCUMENTATION_COMMENTS = YES;
				CLANG_WARN_EMPTY_BODY = YES;
				CLANG_WARN_ENUM_CONVERSION = YES;
				CLANG_WARN_INFINITE_RECURSION = YES;
				CLANG_WARN_INT_CONVERSION = YES;
				CLANG_WARN_NON_LITERAL_NULL_CONVERSION = YES;
				CLANG_WARN_OBJC_IMPLICIT_RETAIN_SELF = YES;
				CLANG_WARN_OBJC_LITERAL_CONVERSION = YES;
				CLANG_WARN_OBJC_ROOT_CLASS = YES_ERROR;
				CLANG_WARN_QUOTED_INCLUDE_IN_FRAMEWORK_HEADER = YES;
				CLANG_WARN_RANGE_LOOP_ANALYSIS = YES;
				CLANG_WARN_STRICT_PROTOTYPES = YES;
				CLANG_WARN_SUSPICIOUS_MOVE = YES;
				CLANG_WARN_UNGUARDED_AVAILABILITY = YES_AGGRESSIVE;
				CLANG_WARN_UNREACHABLE_CODE = YES;
				CLANG_WARN__DUPLICATE_METHOD_MATCH = YES;
				COPY_PHASE_STRIP = NO;
				DEBUG_INFORMATION_FORMAT = "dwarf-with-dsym";
				ENABLE_NS_ASSERTIONS = NO;
				ENABLE_STRICT_OBJC_MSGSEND = YES;
				ENABLE_USER_SCRIPT_SANDBOXING = YES;
				GCC_C_LANGUAGE_STANDARD = gnu17;
				GCC_NO_COMMON_BLOCKS = YES;
				GCC_WARN_64_TO_32_BIT_CONVERSION = YES;
				GCC_WARN_ABOUT_RETURN_TYPE = YES_ERROR;
				GCC_WARN_UNDECLARED_SELECTOR = YES;
				GCC_WARN_UNINITIALIZED_AUTOS = YES_AGGRESSIVE;
				GCC_WARN_UNUSED_FUNCTION = YES;
				GCC_WARN_UNUSED_VARIABLE = YES;
				LOCALIZATION_PREFERS_STRING_CATALOGS = YES;
				MTL_ENABLE_DEBUG_INFO = NO;
				MTL_FAST_MATH = YES;
				SWIFT_COMPILATION_MODE = wholemodule;
			};
			name = Release;
		};
		47355DCD2D936609000405F2 /* Debug */ = {
			isa = XCBuildConfiguration;
			buildSettings = {
				ASSETCATALOG_COMPILER_APPICON_NAME = AppIcon;
				ASSETCATALOG_COMPILER_GLOBAL_ACCENT_COLOR_NAME = AccentColor;
				CODE_SIGN_ENTITLEMENTS = Desafio8/Desafio8.entitlements;
				CODE_SIGN_STYLE = Automatic;
				CURRENT_PROJECT_VERSION = 1;
				DEVELOPMENT_ASSET_PATHS = "\"Desafio8/Preview Content\"";
				ENABLE_PREVIEWS = YES;
				GENERATE_INFOPLIST_FILE = YES;
				"INFOPLIST_KEY_UIApplicationSceneManifest_Generation[sdk=iphoneos*]" = YES;
				"INFOPLIST_KEY_UIApplicationSceneManifest_Generation[sdk=iphonesimulator*]" = YES;
				"INFOPLIST_KEY_UIApplicationSupportsIndirectInputEvents[sdk=iphoneos*]" = YES;
				"INFOPLIST_KEY_UIApplicationSupportsIndirectInputEvents[sdk=iphonesimulator*]" = YES;
				"INFOPLIST_KEY_UILaunchScreen_Generation[sdk=iphoneos*]" = YES;
				"INFOPLIST_KEY_UILaunchScreen_Generation[sdk=iphonesimulator*]" = YES;
				"INFOPLIST_KEY_UIStatusBarStyle[sdk=iphoneos*]" = UIStatusBarStyleDefault;
				"INFOPLIST_KEY_UIStatusBarStyle[sdk=iphonesimulator*]" = UIStatusBarStyleDefault;
				INFOPLIST_KEY_UISupportedInterfaceOrientations_iPad = "UIInterfaceOrientationPortrait UIInterfaceOrientationPortraitUpsideDown UIInterfaceOrientationLandscapeLeft UIInterfaceOrientationLandscapeRight";
				INFOPLIST_KEY_UISupportedInterfaceOrientations_iPhone = "UIInterfaceOrientationPortrait UIInterfaceOrientationLandscapeLeft UIInterfaceOrientationLandscapeRight";
				IPHONEOS_DEPLOYMENT_TARGET = 17.5;
				LD_RUNPATH_SEARCH_PATHS = "@executable_path/Frameworks";
				"LD_RUNPATH_SEARCH_PATHS[sdk=macosx*]" = "@executable_path/../Frameworks";
				MACOSX_DEPLOYMENT_TARGET = 14.5;
				MARKETING_VERSION = 1.0;
				PRODUCT_BUNDLE_IDENTIFIER = nayron.campos.Desafio8;
				PRODUCT_NAME = "$(TARGET_NAME)";
				SDKROOT = auto;
				SUPPORTED_PLATFORMS = "iphoneos iphonesimulator macosx";
				SWIFT_EMIT_LOC_STRINGS = YES;
				SWIFT_VERSION = 5.0;
				TARGETED_DEVICE_FAMILY = "1,2";
			};
			name = Debug;
		};
		47355DCE2D936609000405F2 /* Release */ = {
			isa = XCBuildConfiguration;
			buildSettings = {
				ASSETCATALOG_COMPILER_APPICON_NAME = AppIcon;
				ASSETCATALOG_COMPILER_GLOBAL_ACCENT_COLOR_NAME = AccentColor;
				CODE_SIGN_ENTITLEMENTS = Desafio8/Desafio8.entitlements;
				CODE_SIGN_STYLE = Automatic;
				CURRENT_PROJECT_VERSION = 1;
				DEVELOPMENT_ASSET_PATHS = "\"Desafio8/Preview Content\"";
				ENABLE_PREVIEWS = YES;
				GENERATE_INFOPLIST_FILE = YES;
				"INFOPLIST_KEY_UIApplicationSceneManifest_Generation[sdk=iphoneos*]" = YES;
				"INFOPLIST_KEY_UIApplicationSceneManifest_Generation[sdk=iphonesimulator*]" = YES;
				"INFOPLIST_KEY_UIApplicationSupportsIndirectInputEvents[sdk=iphoneos*]" = YES;
				"INFOPLIST_KEY_UIApplicationSupportsIndirectInputEvents[sdk=iphonesimulator*]" = YES;
				"INFOPLIST_KEY_UILaunchScreen_Generation[sdk=iphoneos*]" = YES;
				"INFOPLIST_KEY_UILaunchScreen_Generation[sdk=iphonesimulator*]" = YES;
				"INFOPLIST_KEY_UIStatusBarStyle[sdk=iphoneos*]" = UIStatusBarStyleDefault;
				"INFOPLIST_KEY_UIStatusBarStyle[sdk=iphonesimulator*]" = UIStatusBarStyleDefault;
				INFOPLIST_KEY_UISupportedInterfaceOrientations_iPad = "UIInterfaceOrientationPortrait UIInterfaceOrientationPortraitUpsideDown UIInterfaceOrientationLandscapeLeft UIInterfaceOrientationLandscapeRight";
				INFOPLIST_KEY_UISupportedInterfaceOrientations_iPhone = "UIInterfaceOrientationPortrait UIInterfaceOrientationLandscapeLeft UIInterfaceOrientationLandscapeRight";
				IPHONEOS_DEPLOYMENT_TARGET = 17.5;
				LD_RUNPATH_SEARCH_PATHS = "@executable_path/Frameworks";
				"LD_RUNPATH_SEARCH_PATHS[sdk=macosx*]" = "@executable_path/../Frameworks";
				MACOSX_DEPLOYMENT_TARGET = 14.5;
				MARKETING_VERSION = 1.0;
				PRODUCT_BUNDLE_IDENTIFIER = nayron.campos.Desafio8;
				PRODUCT_NAME = "$(TARGET_NAME)";
				SDKROOT = auto;
				SUPPORTED_PLATFORMS = "iphoneos iphonesimulator macosx";
				SWIFT_EMIT_LOC_STRINGS = YES;
				SWIFT_VERSION = 5.0;
				TARGETED_DEVICE_FAMILY = "1,2";
			};
			name = Release;
		};
		47355DD02D936609000405F2 /* Debug */ = {
			isa = XCBuildConfiguration;
			buildSettings = {
				ALWAYS_EMBED_SWIFT_STANDARD_LIBRARIES = YES;
				BUNDLE_LOADER = "$(TEST_HOST)";
				CODE_SIGN_STYLE = Automatic;
				CURRENT_PROJECT_VERSION = 1;
				GENERATE_INFOPLIST_FILE = YES;
				IPHONEOS_DEPLOYMENT_TARGET = 17.5;
				MACOSX_DEPLOYMENT_TARGET = 14.5;
				MARKETING_VERSION = 1.0;
				PRODUCT_BUNDLE_IDENTIFIER = nayron.campos.Desafio8Tests;
				PRODUCT_NAME = "$(TARGET_NAME)";
				SDKROOT = auto;
				SUPPORTED_PLATFORMS = "iphoneos iphonesimulator macosx";
				SWIFT_EMIT_LOC_STRINGS = NO;
				SWIFT_VERSION = 5.0;
				TARGETED_DEVICE_FAMILY = "1,2";
				TEST_HOST = "$(BUILT_PRODUCTS_DIR)/Desafio8.app/$(BUNDLE_EXECUTABLE_FOLDER_PATH)/Desafio8";
			};
			name = Debug;
		};
		47355DD12D936609000405F2 /* Release */ = {
			isa = XCBuildConfiguration;
			buildSettings = {
				ALWAYS_EMBED_SWIFT_STANDARD_LIBRARIES = YES;
				BUNDLE_LOADER = "$(TEST_HOST)";
				CODE_SIGN_STYLE = Automatic;
				CURRENT_PROJECT_VERSION = 1;
				GENERATE_INFOPLIST_FILE = YES;
				IPHONEOS_DEPLOYMENT_TARGET = 17.5;
				MACOSX_DEPLOYMENT_TARGET = 14.5;
				MARKETING_VERSION = 1.0;
				PRODUCT_BUNDLE_IDENTIFIER = nayron.campos.Desafio8Tests;
				PRODUCT_NAME = "$(TARGET_NAME)";
				SDKROOT = auto;
				SUPPORTED_PLATFORMS = "iphoneos iphonesimulator macosx";
				SWIFT_EMIT_LOC_STRINGS = NO;
				SWIFT_VERSION = 5.0;
				TARGETED_DEVICE_FAMILY = "1,2";
				TEST_HOST = "$(BUILT_PRODUCTS_DIR)/Desafio8.app/$(BUNDLE_EXECUTABLE_FOLDER_PATH)/Desafio8";
			};
			name = Release;
		};
		47355DD32D936609000405F2 /* Debug */ = {
			isa = XCBuildConfiguration;
			buildSettings = {
				ALWAYS_EMBED_SWIFT_STANDARD_LIBRARIES = YES;
				CODE_SIGN_STYLE = Automatic;
				CURRENT_PROJECT_VERSION = 1;
				GENERATE_INFOPLIST_FILE = YES;
				IPHONEOS_DEPLOYMENT_TARGET = 17.5;
				MACOSX_DEPLOYMENT_TARGET = 14.5;
				MARKETING_VERSION = 1.0;
				PRODUCT_BUNDLE_IDENTIFIER = nayron.campos.Desafio8UITests;
				PRODUCT_NAME = "$(TARGET_NAME)";
				SDKROOT = auto;
				SUPPORTED_PLATFORMS = "iphoneos iphonesimulator macosx";
				SWIFT_EMIT_LOC_STRINGS = NO;
				SWIFT_VERSION = 5.0;
				TARGETED_DEVICE_FAMILY = "1,2";
				TEST_TARGET_NAME = Desafio8;
			};
			name = Debug;
		};
		47355DD42D936609000405F2 /* Release */ = {
			isa = XCBuildConfiguration;
			buildSettings = {
				ALWAYS_EMBED_SWIFT_STANDARD_LIBRARIES = YES;
				CODE_SIGN_STYLE = Automatic;
				CURRENT_PROJECT_VERSION = 1;
				GENERATE_INFOPLIST_FILE = YES;
				IPHONEOS_DEPLOYMENT_TARGET = 17.5;
				MACOSX_DEPLOYMENT_TARGET = 14.5;
				MARKETING_VERSION = 1.0;
				PRODUCT_BUNDLE_IDENTIFIER = nayron.campos.Desafio8UITests;
				PRODUCT_NAME = "$(TARGET_NAME)";
				SDKROOT = auto;
				SUPPORTED_PLATFORMS = "iphoneos iphonesimulator macosx";
				SWIFT_EMIT_LOC_STRINGS = NO;
				SWIFT_VERSION = 5.0;
				TARGETED_DEVICE_FAMILY = "1,2";
				TEST_TARGET_NAME = Desafio8;
			};
			name = Release;
		};
/* End XCBuildConfiguration section */

/* Begin XCConfigurationList section */
		47355DA22D936607000405F2 /* Build configuration list for PBXProject "Desafio8" */ = {
			isa = XCConfigurationList;
			buildConfigurations = (
				47355DCA2D936609000405F2 /* Debug */,
				47355DCB2D936609000405F2 /* Release */,
			);
			defaultConfigurationIsVisible = 0;
			defaultConfigurationName = Release;
		};
		47355DCC2D936609000405F2 /* Build configuration list for PBXNativeTarget "Desafio8" */ = {
			isa = XCConfigurationList;
			buildConfigurations = (
				47355DCD2D936609000405F2 /* Debug */,
				47355DCE2D936609000405F2 /* Release */,
			);
			defaultConfigurationIsVisible = 0;
			defaultConfigurationName = Release;
		};
		47355DCF2D936609000405F2 /* Build configuration list for PBXNativeTarget "Desafio8Tests" */ = {
			isa = XCConfigurationList;
			buildConfigurations = (
				47355DD02D936609000405F2 /* Debug */,
				47355DD12D936609000405F2 /* Release */,
			);
			defaultConfigurationIsVisible = 0;
			defaultConfigurationName = Release;
		};
		47355DD22D936609000405F2 /* Build configuration list for PBXNativeTarget "Desafio8UITests" */ = {
			isa = XCConfigurationList;
			buildConfigurations = (
				47355DD32D936609000405F2 /* Debug */,
				47355DD42D936609000405F2 /* Release */,
			);
			defaultConfigurationIsVisible = 0;
			defaultConfigurationName = Release;
		};
/* End XCConfigurationList section */
	};
	rootObject = 47355D9F2D936607000405F2 /* Project object */;
}
