// !$*UTF8*$!
{
	archiveVersion = 1;
	classes = {
	};
	objectVersion = 56;
	objects = {

/* Begin PBXBuildFile section */
		47ECA90B2D8B95A300FECBE0 /* Desafio3App.swift in Sources */ = {isa = PBXBuildFile; fileRef = 47ECA90A2D8B95A300FECBE0 /* Desafio3App.swift */; };
		47ECA90D2D8B95A300FECBE0 /* ContentView.swift in Sources */ = {isa = PBXBuildFile; fileRef = 47ECA90C2D8B95A300FECBE0 /* ContentView.swift */; };
		47ECA90F2D8B95A400FECBE0 /* Assets.xcassets in Resources */ = {isa = PBXBuildFile; fileRef = 47ECA90E2D8B95A400FECBE0 /* Assets.xcassets */; };
		47ECA9132D8B95A500FECBE0 /* Preview Assets.xcassets in Resources */ = {isa = PBXBuildFile; fileRef = 47ECA9122D8B95A500FECBE0 /* Preview Assets.xcassets */; };
		47ECA91D2D8B95A500FECBE0 /* Desafio3Tests.swift in Sources */ = {isa = PBXBuildFile; fileRef = 47ECA91C2D8B95A500FECBE0 /* Desafio3Tests.swift */; };
		47ECA9272D8B95A500FECBE0 /* Desafio3UITests.swift in Sources */ = {isa = PBXBuildFile; fileRef = 47ECA9262D8B95A500FECBE0 /* Desafio3UITests.swift */; };
		47ECA9292D8B95A500FECBE0 /* Desafio3UITestsLaunchTests.swift in Sources */ = {isa = PBXBuildFile; fileRef = 47ECA9282D8B95A500FECBE0 /* Desafio3UITestsLaunchTests.swift */; };
/* End PBXBuildFile section */

/* Begin PBXContainerItemProxy section */
		47ECA9192D8B95A500FECBE0 /* PBXContainerItemProxy */ = {
			isa = PBXContainerItemProxy;
			containerPortal = 47ECA8FF2D8B95A200FECBE0 /* Project object */;
			proxyType = 1;
			remoteGlobalIDString = 47ECA9062D8B95A200FECBE0;
			remoteInfo = Desafio3;
		};
		47ECA9232D8B95A500FECBE0 /* PBXContainerItemProxy */ = {
			isa = PBXContainerItemProxy;
			containerPortal = 47ECA8FF2D8B95A200FECBE0 /* Project object */;
			proxyType = 1;
			remoteGlobalIDString = 47ECA9062D8B95A200FECBE0;
			remoteInfo = Desafio3;
		};
/* End PBXContainerItemProxy section */

/* Begin PBXFileReference section */
		47ECA9072D8B95A200FECBE0 /* Desafio3.app */ = {isa = PBXFileReference; explicitFileType = wrapper.application; includeInIndex = 0; path = Desafio3.app; sourceTree = BUILT_PRODUCTS_DIR; };
		47ECA90A2D8B95A300FECBE0 /* Desafio3App.swift */ = {isa = PBXFileReference; lastKnownFileType = sourcecode.swift; path = Desafio3App.swift; sourceTree = "<group>"; };
		47ECA90C2D8B95A300FECBE0 /* ContentView.swift */ = {isa = PBXFileReference; lastKnownFileType = sourcecode.swift; path = ContentView.swift; sourceTree = "<group>"; };
		47ECA90E2D8B95A400FECBE0 /* Assets.xcassets */ = {isa = PBXFileReference; lastKnownFileType = folder.assetcatalog; path = Assets.xcassets; sourceTree = "<group>"; };
		47ECA9102D8B95A400FECBE0 /* Desafio3.entitlements */ = {isa = PBXFileReference; lastKnownFileType = text.plist.entitlements; path = Desafio3.entitlements; sourceTree = "<group>"; };
		47ECA9122D8B95A500FECBE0 /* Preview Assets.xcassets */ = {isa = PBXFileReference; lastKnownFileType = folder.assetcatalog; path = "Preview Assets.xcassets"; sourceTree = "<group>"; };
		47ECA9182D8B95A500FECBE0 /* Desafio3Tests.xctest */ = {isa = PBXFileReference; explicitFileType = wrapper.cfbundle; includeInIndex = 0; path = Desafio3Tests.xctest; sourceTree = BUILT_PRODUCTS_DIR; };
		47ECA91C2D8B95A500FECBE0 /* Desafio3Tests.swift */ = {isa = PBXFileReference; lastKnownFileType = sourcecode.swift; path = Desafio3Tests.swift; sourceTree = "<group>"; };
		47ECA9222D8B95A500FECBE0 /* Desafio3UITests.xctest */ = {isa = PBXFileReference; explicitFileType = wrapper.cfbundle; includeInIndex = 0; path = Desafio3UITests.xctest; sourceTree = BUILT_PRODUCTS_DIR; };
		47ECA9262D8B95A500FECBE0 /* Desafio3UITests.swift */ = {isa = PBXFileReference; lastKnownFileType = sourcecode.swift; path = Desafio3UITests.swift; sourceTree = "<group>"; };
		47ECA9282D8B95A500FECBE0 /* Desafio3UITestsLaunchTests.swift */ = {isa = PBXFileReference; lastKnownFileType = sourcecode.swift; path = Desafio3UITestsLaunchTests.swift; sourceTree = "<group>"; };
/* End PBXFileReference section */

/* Begin PBXFrameworksBuildPhase section */
		47ECA9042D8B95A200FECBE0 /* Frameworks */ = {
			isa = PBXFrameworksBuildPhase;
			buildActionMask = 2147483647;
			files = (
			);
			runOnlyForDeploymentPostprocessing = 0;
		};
		47ECA9152D8B95A500FECBE0 /* Frameworks */ = {
			isa = PBXFrameworksBuildPhase;
			buildActionMask = 2147483647;
			files = (
			);
			runOnlyForDeploymentPostprocessing = 0;
		};
		47ECA91F2D8B95A500FECBE0 /* Frameworks */ = {
			isa = PBXFrameworksBuildPhase;
			buildActionMask = 2147483647;
			files = (
			);
			runOnlyForDeploymentPostprocessing = 0;
		};
/* End PBXFrameworksBuildPhase section */

/* Begin PBXGroup section */
		47ECA8FE2D8B95A200FECBE0 = {
			isa = PBXGroup;
			children = (
				47ECA9092D8B95A300FECBE0 /* Desafio3 */,
				47ECA91B2D8B95A500FECBE0 /* Desafio3Tests */,
				47ECA9252D8B95A500FECBE0 /* Desafio3UITests */,
				47ECA9082D8B95A200FECBE0 /* Products */,
			);
			sourceTree = "<group>";
		};
		47ECA9082D8B95A200FECBE0 /* Products */ = {
			isa = PBXGroup;
			children = (
				47ECA9072D8B95A200FECBE0 /* Desafio3.app */,
				47ECA9182D8B95A500FECBE0 /* Desafio3Tests.xctest */,
				47ECA9222D8B95A500FECBE0 /* Desafio3UITests.xctest */,
			);
			name = Products;
			sourceTree = "<group>";
		};
		47ECA9092D8B95A300FECBE0 /* Desafio3 */ = {
			isa = PBXGroup;
			children = (
				47ECA90A2D8B95A300FECBE0 /* Desafio3App.swift */,
				47ECA90C2D8B95A300FECBE0 /* ContentView.swift */,
				47ECA90E2D8B95A400FECBE0 /* Assets.xcassets */,
				47ECA9102D8B95A400FECBE0 /* Desafio3.entitlements */,
				47ECA9112D8B95A500FECBE0 /* Preview Content */,
			);
			path = Desafio3;
			sourceTree = "<group>";
		};
		47ECA9112D8B95A500FECBE0 /* Preview Content */ = {
			isa = PBXGroup;
			children = (
				47ECA9122D8B95A500FECBE0 /* Preview Assets.xcassets */,
			);
			path = "Preview Content";
			sourceTree = "<group>";
		};
		47ECA91B2D8B95A500FECBE0 /* Desafio3Tests */ = {
			isa = PBXGroup;
			children = (
				47ECA91C2D8B95A500FECBE0 /* Desafio3Tests.swift */,
			);
			path = Desafio3Tests;
			sourceTree = "<group>";
		};
		47ECA9252D8B95A500FECBE0 /* Desafio3UITests */ = {
			isa = PBXGroup;
			children = (
				47ECA9262D8B95A500FECBE0 /* Desafio3UITests.swift */,
				47ECA9282D8B95A500FECBE0 /* Desafio3UITestsLaunchTests.swift */,
			);
			path = Desafio3UITests;
			sourceTree = "<group>";
		};
/* End PBXGroup section */

/* Begin PBXNativeTarget section */
		47ECA9062D8B95A200FECBE0 /* Desafio3 */ = {
			isa = PBXNativeTarget;
			buildConfigurationList = 47ECA92C2D8B95A500FECBE0 /* Build configuration list for PBXNativeTarget "Desafio3" */;
			buildPhases = (
				47ECA9032D8B95A200FECBE0 /* Sources */,
				47ECA9042D8B95A200FECBE0 /* Frameworks */,
				47ECA9052D8B95A200FECBE0 /* Resources */,
			);
			buildRules = (
			);
			dependencies = (
			);
			name = Desafio3;
			productName = Desafio3;
			productReference = 47ECA9072D8B95A200FECBE0 /* Desafio3.app */;
			productType = "com.apple.product-type.application";
		};
		47ECA9172D8B95A500FECBE0 /* Desafio3Tests */ = {
			isa = PBXNativeTarget;
			buildConfigurationList = 47ECA92F2D8B95A500FECBE0 /* Build configuration list for PBXNativeTarget "Desafio3Tests" */;
			buildPhases = (
				47ECA9142D8B95A500FECBE0 /* Sources */,
				47ECA9152D8B95A500FECBE0 /* Frameworks */,
				47ECA9162D8B95A500FECBE0 /* Resources */,
			);
			buildRules = (
			);
			dependencies = (
				47ECA91A2D8B95A500FECBE0 /* PBXTargetDependency */,
			);
			name = Desafio3Tests;
			productName = Desafio3Tests;
			productReference = 47ECA9182D8B95A500FECBE0 /* Desafio3Tests.xctest */;
			productType = "com.apple.product-type.bundle.unit-test";
		};
		47ECA9212D8B95A500FECBE0 /* Desafio3UITests */ = {
			isa = PBXNativeTarget;
			buildConfigurationList = 47ECA9322D8B95A500FECBE0 /* Build configuration list for PBXNativeTarget "Desafio3UITests" */;
			buildPhases = (
				47ECA91E2D8B95A500FECBE0 /* Sources */,
				47ECA91F2D8B95A500FECBE0 /* Frameworks */,
				47ECA9202D8B95A500FECBE0 /* Resources */,
			);
			buildRules = (
			);
			dependencies = (
				47ECA9242D8B95A500FECBE0 /* PBXTargetDependency */,
			);
			name = Desafio3UITests;
			productName = Desafio3UITests;
			productReference = 47ECA9222D8B95A500FECBE0 /* Desafio3UITests.xctest */;
			productType = "com.apple.product-type.bundle.ui-testing";
		};
/* End PBXNativeTarget section */

/* Begin PBXProject section */
		47ECA8FF2D8B95A200FECBE0 /* Project object */ = {
			isa = PBXProject;
			attributes = {
				BuildIndependentTargetsInParallel = 1;
				LastSwiftUpdateCheck = 1540;
				LastUpgradeCheck = 1540;
				TargetAttributes = {
					47ECA9062D8B95A200FECBE0 = {
						CreatedOnToolsVersion = 15.4;
					};
					47ECA9172D8B95A500FECBE0 = {
						CreatedOnToolsVersion = 15.4;
						TestTargetID = 47ECA9062D8B95A200FECBE0;
					};
					47ECA9212D8B95A500FECBE0 = {
						CreatedOnToolsVersion = 15.4;
						TestTargetID = 47ECA9062D8B95A200FECBE0;
					};
				};
			};
			buildConfigurationList = 47ECA9022D8B95A200FECBE0 /* Build configuration list for PBXProject "Desafio3" */;
			compatibilityVersion = "Xcode 14.0";
			developmentRegion = en;
			hasScannedForEncodings = 0;
			knownRegions = (
				en,
				Base,
			);
			mainGroup = 47ECA8FE2D8B95A200FECBE0;
			productRefGroup = 47ECA9082D8B95A200FECBE0 /* Products */;
			projectDirPath = "";
			projectRoot = "";
			targets = (
				47ECA9062D8B95A200FECBE0 /* Desafio3 */,
				47ECA9172D8B95A500FECBE0 /* Desafio3Tests */,
				47ECA9212D8B95A500FECBE0 /* Desafio3UITests */,
			);
		};
/* End PBXProject section */

/* Begin PBXResourcesBuildPhase section */
		47ECA9052D8B95A200FECBE0 /* Resources */ = {
			isa = PBXResourcesBuildPhase;
			buildActionMask = 2147483647;
			files = (
				47ECA9132D8B95A500FECBE0 /* Preview Assets.xcassets in Resources */,
				47ECA90F2D8B95A400FECBE0 /* Assets.xcassets in Resources */,
			);
			runOnlyForDeploymentPostprocessing = 0;
		};
		47ECA9162D8B95A500FECBE0 /* Resources */ = {
			isa = PBXResourcesBuildPhase;
			buildActionMask = 2147483647;
			files = (
			);
			runOnlyForDeploymentPostprocessing = 0;
		};
		47ECA9202D8B95A500FECBE0 /* Resources */ = {
			isa = PBXResourcesBuildPhase;
			buildActionMask = 2147483647;
			files = (
			);
			runOnlyForDeploymentPostprocessing = 0;
		};
/* End PBXResourcesBuildPhase section */

/* Begin PBXSourcesBuildPhase section */
		47ECA9032D8B95A200FECBE0 /* Sources */ = {
			isa = PBXSourcesBuildPhase;
			buildActionMask = 2147483647;
			files = (
				47ECA90D2D8B95A300FECBE0 /* ContentView.swift in Sources */,
				47ECA90B2D8B95A300FECBE0 /* Desafio3App.swift in Sources */,
			);
			runOnlyForDeploymentPostprocessing = 0;
		};
		47ECA9142D8B95A500FECBE0 /* Sources */ = {
			isa = PBXSourcesBuildPhase;
			buildActionMask = 2147483647;
			files = (
				47ECA91D2D8B95A500FECBE0 /* Desafio3Tests.swift in Sources */,
			);
			runOnlyForDeploymentPostprocessing = 0;
		};
		47ECA91E2D8B95A500FECBE0 /* Sources */ = {
			isa = PBXSourcesBuildPhase;
			buildActionMask = 2147483647;
			files = (
				47ECA9292D8B95A500FECBE0 /* Desafio3UITestsLaunchTests.swift in Sources */,
				47ECA9272D8B95A500FECBE0 /* Desafio3UITests.swift in Sources */,
			);
			runOnlyForDeploymentPostprocessing = 0;
		};
/* End PBXSourcesBuildPhase section */

/* Begin PBXTargetDependency section */
		47ECA91A2D8B95A500FECBE0 /* PBXTargetDependency */ = {
			isa = PBXTargetDependency;
			target = 47ECA9062D8B95A200FECBE0 /* Desafio3 */;
			targetProxy = 47ECA9192D8B95A500FECBE0 /* PBXContainerItemProxy */;
		};
		47ECA9242D8B95A500FECBE0 /* PBXTargetDependency */ = {
			isa = PBXTargetDependency;
			target = 47ECA9062D8B95A200FECBE0 /* Desafio3 */;
			targetProxy = 47ECA9232D8B95A500FECBE0 /* PBXContainerItemProxy */;
		};
/* End PBXTargetDependency section */

/* Begin XCBuildConfiguration section */
		47ECA92A2D8B95A500FECBE0 /* Debug */ = {
			isa = XCBuildConfiguration;
			buildSettings = {
				ALWAYS_SEARCH_USER_PATHS = NO;
				ASSETCATALOG_COMPILER_GENERATE_SWIFT_ASSET_SYMBOL_EXTENSIONS = YES;
				CLANG_ANALYZER_NONNULL = YES;
				CLANG_ANALYZER_NUMBER_OBJECT_CONVERSION = YES_AGGRESSIVE;
				CLANG_CXX_LANGUAGE_STANDARD = "gnu++20";
				CLANG_ENABLE_MODULES = YES;
				CLANG_ENABLE_OBJC_ARC = YES;
				CLANG_ENABLE_OBJC_WEAK = YES;
				CLANG_WARN_BLOCK_CAPTURE_AUTORELEASING = YES;
				CLANG_WARN_BOOL_CONVERSION = YES;
				CLANG_WARN_COMMA = YES;
				CLANG_WARN_CONSTANT_CONVERSION = YES;
				CLANG_WARN_DEPRECATED_OBJC_IMPLEMENTATIONS = YES;
				CLANG_WARN_DIRECT_OBJC_ISA_USAGE = YES_ERROR;
				CLANG_WARN_DOCUMENTATION_COMMENTS = YES;
				CLANG_WARN_EMPTY_BODY = YES;
				CLANG_WARN_ENUM_CONVERSION = YES;
				CLANG_WARN_INFINITE_RECURSION = YES;
				CLANG_WARN_INT_CONVERSION = YES;
				CLANG_WARN_NON_LITERAL_NULL_CONVERSION = YES;
				CLANG_WARN_OBJC_IMPLICIT_RETAIN_SELF = YES;
				CLANG_WARN_OBJC_LITERAL_CONVERSION = YES;
				CLANG_WARN_OBJC_ROOT_CLASS = YES_ERROR;
				CLANG_WARN_QUOTED_INCLUDE_IN_FRAMEWORK_HEADER = YES;
				CLANG_WARN_RANGE_LOOP_ANALYSIS = YES;
				CLANG_WARN_STRICT_PROTOTYPES = YES;
				CLANG_WARN_SUSPICIOUS_MOVE = YES;
				CLANG_WARN_UNGUARDED_AVAILABILITY = YES_AGGRESSIVE;
				CLANG_WARN_UNREACHABLE_CODE = YES;
				CLANG_WARN__DUPLICATE_METHOD_MATCH = YES;
				COPY_PHASE_STRIP = NO;
				DEBUG_INFORMATION_FORMAT = dwarf;
				ENABLE_STRICT_OBJC_MSGSEND = YES;
				ENABLE_TESTABILITY = YES;
				ENABLE_USER_SCRIPT_SANDBOXING = YES;
				GCC_C_LANGUAGE_STANDARD = gnu17;
				GCC_DYNAMIC_NO_PIC = NO;
				GCC_NO_COMMON_BLOCKS = YES;
				GCC_OPTIMIZATION_LEVEL = 0;
				GCC_PREPROCESSOR_DEFINITIONS = (
					"DEBUG=1",
					"$(inherited)",
				);
				GCC_WARN_64_TO_32_BIT_CONVERSION = YES;
				GCC_WARN_ABOUT_RETURN_TYPE = YES_ERROR;
				GCC_WARN_UNDECLARED_SELECTOR = YES;
				GCC_WARN_UNINITIALIZED_AUTOS = YES_AGGRESSIVE;
				GCC_WARN_UNUSED_FUNCTION = YES;
				GCC_WARN_UNUSED_VARIABLE = YES;
				LOCALIZATION_PREFERS_STRING_CATALOGS = YES;
				MTL_ENABLE_DEBUG_INFO = INCLUDE_SOURCE;
				MTL_FAST_MATH = YES;
				ONLY_ACTIVE_ARCH = YES;
				SWIFT_ACTIVE_COMPILATION_CONDITIONS = "DEBUG $(inherited)";
				SWIFT_OPTIMIZATION_LEVEL = "-Onone";
			};
			name = Debug;
		};
		47ECA92B2D8B95A500FECBE0 /* Release */ = {
			isa = XCBuildConfiguration;
			buildSettings = {
				ALWAYS_SEARCH_USER_PATHS = NO;
				ASSETCATALOG_COMPILER_GENERATE_SWIFT_ASSET_SYMBOL_EXTENSIONS = YES;
				CLANG_ANALYZER_NONNULL = YES;
				CLANG_ANALYZER_NUMBER_OBJECT_CONVERSION = YES_AGGRESSIVE;
				CLANG_CXX_LANGUAGE_STANDARD = "gnu++20";
				CLANG_ENABLE_MODULES = YES;
				CLANG_ENABLE_OBJC_ARC = YES;
				CLANG_ENABLE_OBJC_WEAK = YES;
				CLANG_WARN_BLOCK_CAPTURE_AUTORELEASING = YES;
				CLANG_WARN_BOOL_CONVERSION = YES;
				CLANG_WARN_COMMA = YES;
				CLANG_WARN_CONSTANT_CONVERSION = YES;
				CLANG_WARN_DEPRECATED_OBJC_IMPLEMENTATIONS = YES;
				CLANG_WARN_DIRECT_OBJC_ISA_USAGE = YES_ERROR;
				CLANG_WARN_DOCUMENTATION_COMMENTS = YES;
				CLANG_WARN_EMPTY_BODY = YES;
				CLANG_WARN_ENUM_CONVERSION = YES;
				CLANG_WARN_INFINITE_RECURSION = YES;
				CLANG_WARN_INT_CONVERSION = YES;
				CLANG_WARN_NON_LITERAL_NULL_CONVERSION = YES;
				CLANG_WARN_OBJC_IMPLICIT_RETAIN_SELF = YES;
				CLANG_WARN_OBJC_LITERAL_CONVERSION = YES;
				CLANG_WARN_OBJC_ROOT_CLASS = YES_ERROR;
				CLANG_WARN_QUOTED_INCLUDE_IN_FRAMEWORK_HEADER = YES;
				CLANG_WARN_RANGE_LOOP_ANALYSIS = YES;
				CLANG_WARN_STRICT_PROTOTYPES = YES;
				CLANG_WARN_SUSPICIOUS_MOVE = YES;
				CLANG_WARN_UNGUARDED_AVAILABILITY = YES_AGGRESSIVE;
				CLANG_WARN_UNREACHABLE_CODE = YES;
				CLANG_WARN__DUPLICATE_METHOD_MATCH = YES;
				COPY_PHASE_STRIP = NO;
				DEBUG_INFORMATION_FORMAT = "dwarf-with-dsym";
				ENABLE_NS_ASSERTIONS = NO;
				ENABLE_STRICT_OBJC_MSGSEND = YES;
				ENABLE_USER_SCRIPT_SANDBOXING = YES;
				GCC_C_LANGUAGE_STANDARD = gnu17;
				GCC_NO_COMMON_BLOCKS = YES;
				GCC_WARN_64_TO_32_BIT_CONVERSION = YES;
				GCC_WARN_ABOUT_RETURN_TYPE = YES_ERROR;
				GCC_WARN_UNDECLARED_SELECTOR = YES;
				GCC_WARN_UNINITIALIZED_AUTOS = YES_AGGRESSIVE;
				GCC_WARN_UNUSED_FUNCTION = YES;
				GCC_WARN_UNUSED_VARIABLE = YES;
				LOCALIZATION_PREFERS_STRING_CATALOGS = YES;
				MTL_ENABLE_DEBUG_INFO = NO;
				MTL_FAST_MATH = YES;
				SWIFT_COMPILATION_MODE = wholemodule;
			};
			name = Release;
		};
		47ECA92D2D8B95A500FECBE0 /* Debug */ = {
			isa = XCBuildConfiguration;
			buildSettings = {
				ASSETCATALOG_COMPILER_APPICON_NAME = AppIcon;
				ASSETCATALOG_COMPILER_GLOBAL_ACCENT_COLOR_NAME = AccentColor;
				CODE_SIGN_ENTITLEMENTS = Desafio3/Desafio3.entitlements;
				CODE_SIGN_STYLE = Automatic;
				CURRENT_PROJECT_VERSION = 1;
				DEVELOPMENT_ASSET_PATHS = "\"Desafio3/Preview Content\"";
				ENABLE_PREVIEWS = YES;
				GENERATE_INFOPLIST_FILE = YES;
				"INFOPLIST_KEY_UIApplicationSceneManifest_Generation[sdk=iphoneos*]" = YES;
				"INFOPLIST_KEY_UIApplicationSceneManifest_Generation[sdk=iphonesimulator*]" = YES;
				"INFOPLIST_KEY_UIApplicationSupportsIndirectInputEvents[sdk=iphoneos*]" = YES;
				"INFOPLIST_KEY_UIApplicationSupportsIndirectInputEvents[sdk=iphonesimulator*]" = YES;
				"INFOPLIST_KEY_UILaunchScreen_Generation[sdk=iphoneos*]" = YES;
				"INFOPLIST_KEY_UILaunchScreen_Generation[sdk=iphonesimulator*]" = YES;
				"INFOPLIST_KEY_UIStatusBarStyle[sdk=iphoneos*]" = UIStatusBarStyleDefault;
				"INFOPLIST_KEY_UIStatusBarStyle[sdk=iphonesimulator*]" = UIStatusBarStyleDefault;
				INFOPLIST_KEY_UISupportedInterfaceOrientations_iPad = "UIInterfaceOrientationPortrait UIInterfaceOrientationPortraitUpsideDown UIInterfaceOrientationLandscapeLeft UIInterfaceOrientationLandscapeRight";
				INFOPLIST_KEY_UISupportedInterfaceOrientations_iPhone = "UIInterfaceOrientationPortrait UIInterfaceOrientationLandscapeLeft UIInterfaceOrientationLandscapeRight";
				IPHONEOS_DEPLOYMENT_TARGET = 17.5;
				LD_RUNPATH_SEARCH_PATHS = "@executable_path/Frameworks";
				"LD_RUNPATH_SEARCH_PATHS[sdk=macosx*]" = "@executable_path/../Frameworks";
				MACOSX_DEPLOYMENT_TARGET = 14.5;
				MARKETING_VERSION = 1.0;
				PRODUCT_BUNDLE_IDENTIFIER = nayron.campos.Desafio3;
				PRODUCT_NAME = "$(TARGET_NAME)";
				SDKROOT = auto;
				SUPPORTED_PLATFORMS = "iphoneos iphonesimulator macosx";
				SWIFT_EMIT_LOC_STRINGS = YES;
				SWIFT_VERSION = 5.0;
				TARGETED_DEVICE_FAMILY = "1,2";
			};
			name = Debug;
		};
		47ECA92E2D8B95A500FECBE0 /* Release */ = {
			isa = XCBuildConfiguration;
			buildSettings = {
				ASSETCATALOG_COMPILER_APPICON_NAME = AppIcon;
				ASSETCATALOG_COMPILER_GLOBAL_ACCENT_COLOR_NAME = AccentColor;
				CODE_SIGN_ENTITLEMENTS = Desafio3/Desafio3.entitlements;
				CODE_SIGN_STYLE = Automatic;
				CURRENT_PROJECT_VERSION = 1;
				DEVELOPMENT_ASSET_PATHS = "\"Desafio3/Preview Content\"";
				ENABLE_PREVIEWS = YES;
				GENERATE_INFOPLIST_FILE = YES;
				"INFOPLIST_KEY_UIApplicationSceneManifest_Generation[sdk=iphoneos*]" = YES;
				"INFOPLIST_KEY_UIApplicationSceneManifest_Generation[sdk=iphonesimulator*]" = YES;
				"INFOPLIST_KEY_UIApplicationSupportsIndirectInputEvents[sdk=iphoneos*]" = YES;
				"INFOPLIST_KEY_UIApplicationSupportsIndirectInputEvents[sdk=iphonesimulator*]" = YES;
				"INFOPLIST_KEY_UILaunchScreen_Generation[sdk=iphoneos*]" = YES;
				"INFOPLIST_KEY_UILaunchScreen_Generation[sdk=iphonesimulator*]" = YES;
				"INFOPLIST_KEY_UIStatusBarStyle[sdk=iphoneos*]" = UIStatusBarStyleDefault;
				"INFOPLIST_KEY_UIStatusBarStyle[sdk=iphonesimulator*]" = UIStatusBarStyleDefault;
				INFOPLIST_KEY_UISupportedInterfaceOrientations_iPad = "UIInterfaceOrientationPortrait UIInterfaceOrientationPortraitUpsideDown UIInterfaceOrientationLandscapeLeft UIInterfaceOrientationLandscapeRight";
				INFOPLIST_KEY_UISupportedInterfaceOrientations_iPhone = "UIInterfaceOrientationPortrait UIInterfaceOrientationLandscapeLeft UIInterfaceOrientationLandscapeRight";
				IPHONEOS_DEPLOYMENT_TARGET = 17.5;
				LD_RUNPATH_SEARCH_PATHS = "@executable_path/Frameworks";
				"LD_RUNPATH_SEARCH_PATHS[sdk=macosx*]" = "@executable_path/../Frameworks";
				MACOSX_DEPLOYMENT_TARGET = 14.5;
				MARKETING_VERSION = 1.0;
				PRODUCT_BUNDLE_IDENTIFIER = nayron.campos.Desafio3;
				PRODUCT_NAME = "$(TARGET_NAME)";
				SDKROOT = auto;
				SUPPORTED_PLATFORMS = "iphoneos iphonesimulator macosx";
				SWIFT_EMIT_LOC_STRINGS = YES;
				SWIFT_VERSION = 5.0;
				TARGETED_DEVICE_FAMILY = "1,2";
			};
			name = Release;
		};
		47ECA9302D8B95A500FECBE0 /* Debug */ = {
			isa = XCBuildConfiguration;
			buildSettings = {
				ALWAYS_EMBED_SWIFT_STANDARD_LIBRARIES = YES;
				BUNDLE_LOADER = "$(TEST_HOST)";
				CODE_SIGN_STYLE = Automatic;
				CURRENT_PROJECT_VERSION = 1;
				GENERATE_INFOPLIST_FILE = YES;
				IPHONEOS_DEPLOYMENT_TARGET = 17.5;
				MACOSX_DEPLOYMENT_TARGET = 14.5;
				MARKETING_VERSION = 1.0;
				PRODUCT_BUNDLE_IDENTIFIER = nayron.campos.Desafio3Tests;
				PRODUCT_NAME = "$(TARGET_NAME)";
				SDKROOT = auto;
				SUPPORTED_PLATFORMS = "iphoneos iphonesimulator macosx";
				SWIFT_EMIT_LOC_STRINGS = NO;
				SWIFT_VERSION = 5.0;
				TARGETED_DEVICE_FAMILY = "1,2";
				TEST_HOST = "$(BUILT_PRODUCTS_DIR)/Desafio3.app/$(BUNDLE_EXECUTABLE_FOLDER_PATH)/Desafio3";
			};
			name = Debug;
		};
		47ECA9312D8B95A500FECBE0 /* Release */ = {
			isa = XCBuildConfiguration;
			buildSettings = {
				ALWAYS_EMBED_SWIFT_STANDARD_LIBRARIES = YES;
				BUNDLE_LOADER = "$(TEST_HOST)";
				CODE_SIGN_STYLE = Automatic;
				CURRENT_PROJECT_VERSION = 1;
				GENERATE_INFOPLIST_FILE = YES;
				IPHONEOS_DEPLOYMENT_TARGET = 17.5;
				MACOSX_DEPLOYMENT_TARGET = 14.5;
				MARKETING_VERSION = 1.0;
				PRODUCT_BUNDLE_IDENTIFIER = nayron.campos.Desafio3Tests;
				PRODUCT_NAME = "$(TARGET_NAME)";
				SDKROOT = auto;
				SUPPORTED_PLATFORMS = "iphoneos iphonesimulator macosx";
				SWIFT_EMIT_LOC_STRINGS = NO;
				SWIFT_VERSION = 5.0;
				TARGETED_DEVICE_FAMILY = "1,2";
				TEST_HOST = "$(BUILT_PRODUCTS_DIR)/Desafio3.app/$(BUNDLE_EXECUTABLE_FOLDER_PATH)/Desafio3";
			};
			name = Release;
		};
		47ECA9332D8B95A500FECBE0 /* Debug */ = {
			isa = XCBuildConfiguration;
			buildSettings = {
				ALWAYS_EMBED_SWIFT_STANDARD_LIBRARIES = YES;
				CODE_SIGN_STYLE = Automatic;
				CURRENT_PROJECT_VERSION = 1;
				GENERATE_INFOPLIST_FILE = YES;
				IPHONEOS_DEPLOYMENT_TARGET = 17.5;
				MACOSX_DEPLOYMENT_TARGET = 14.5;
				MARKETING_VERSION = 1.0;
				PRODUCT_BUNDLE_IDENTIFIER = nayron.campos.Desafio3UITests;
				PRODUCT_NAME = "$(TARGET_NAME)";
				SDKROOT = auto;
				SUPPORTED_PLATFORMS = "iphoneos iphonesimulator macosx";
				SWIFT_EMIT_LOC_STRINGS = NO;
				SWIFT_VERSION = 5.0;
				TARGETED_DEVICE_FAMILY = "1,2";
				TEST_TARGET_NAME = Desafio3;
			};
			name = Debug;
		};
		47ECA9342D8B95A500FECBE0 /* Release */ = {
			isa = XCBuildConfiguration;
			buildSettings = {
				ALWAYS_EMBED_SWIFT_STANDARD_LIBRARIES = YES;
				CODE_SIGN_STYLE = Automatic;
				CURRENT_PROJECT_VERSION = 1;
				GENERATE_INFOPLIST_FILE = YES;
				IPHONEOS_DEPLOYMENT_TARGET = 17.5;
				MACOSX_DEPLOYMENT_TARGET = 14.5;
				MARKETING_VERSION = 1.0;
				PRODUCT_BUNDLE_IDENTIFIER = nayron.campos.Desafio3UITests;
				PRODUCT_NAME = "$(TARGET_NAME)";
				SDKROOT = auto;
				SUPPORTED_PLATFORMS = "iphoneos iphonesimulator macosx";
				SWIFT_EMIT_LOC_STRINGS = NO;
				SWIFT_VERSION = 5.0;
				TARGETED_DEVICE_FAMILY = "1,2";
				TEST_TARGET_NAME = Desafio3;
			};
			name = Release;
		};
/* End XCBuildConfiguration section */

/* Begin XCConfigurationList section */
		47ECA9022D8B95A200FECBE0 /* Build configuration list for PBXProject "Desafio3" */ = {
			isa = XCConfigurationList;
			buildConfigurations = (
				47ECA92A2D8B95A500FECBE0 /* Debug */,
				47ECA92B2D8B95A500FECBE0 /* Release */,
			);
			defaultConfigurationIsVisible = 0;
			defaultConfigurationName = Release;
		};
		47ECA92C2D8B95A500FECBE0 /* Build configuration list for PBXNativeTarget "Desafio3" */ = {
			isa = XCConfigurationList;
			buildConfigurations = (
				47ECA92D2D8B95A500FECBE0 /* Debug */,
				47ECA92E2D8B95A500FECBE0 /* Release */,
			);
			defaultConfigurationIsVisible = 0;
			defaultConfigurationName = Release;
		};
		47ECA92F2D8B95A500FECBE0 /* Build configuration list for PBXNativeTarget "Desafio3Tests" */ = {
			isa = XCConfigurationList;
			buildConfigurations = (
				47ECA9302D8B95A500FECBE0 /* Debug */,
				47ECA9312D8B95A500FECBE0 /* Release */,
			);
			defaultConfigurationIsVisible = 0;
			defaultConfigurationName = Release;
		};
		47ECA9322D8B95A500FECBE0 /* Build configuration list for PBXNativeTarget "Desafio3UITests" */ = {
			isa = XCConfigurationList;
			buildConfigurations = (
				47ECA9332D8B95A500FECBE0 /* Debug */,
				47ECA9342D8B95A500FECBE0 /* Release */,
			);
			defaultConfigurationIsVisible = 0;
			defaultConfigurationName = Release;
		};
/* End XCConfigurationList section */
	};
	rootObject = 47ECA8FF2D8B95A200FECBE0 /* Project object */;
}
