// !$*UTF8*$!
{
	archiveVersion = 1;
	classes = {
	};
	objectVersion = 56;
	objects = {

/* Begin PBXBuildFile section */
		479D14132D961F470081AD45 /* desafio10App.swift in Sources */ = {isa = PBXBuildFile; fileRef = 479D14122D961F470081AD45 /* desafio10App.swift */; };
		479D14152D961F470081AD45 /* ContentView.swift in Sources */ = {isa = PBXBuildFile; fileRef = 479D14142D961F470081AD45 /* ContentView.swift */; };
		479D14172D961F490081AD45 /* Assets.xcassets in Resources */ = {isa = PBXBuildFile; fileRef = 479D14162D961F490081AD45 /* Assets.xcassets */; };
		479D141B2D961F490081AD45 /* Preview Assets.xcassets in Resources */ = {isa = PBXBuildFile; fileRef = 479D141A2D961F490081AD45 /* Preview Assets.xcassets */; };
		479D14252D961F490081AD45 /* desafio10Tests.swift in Sources */ = {isa = PBXBuildFile; fileRef = 479D14242D961F490081AD45 /* desafio10Tests.swift */; };
		479D142F2D961F490081AD45 /* desafio10UITests.swift in Sources */ = {isa = PBXBuildFile; fileRef = 479D142E2D961F490081AD45 /* desafio10UITests.swift */; };
		479D14312D961F490081AD45 /* desafio10UITestsLaunchTests.swift in Sources */ = {isa = PBXBuildFile; fileRef = 479D14302D961F490081AD45 /* desafio10UITestsLaunchTests.swift */; };
		479D143F2D961F7F0081AD45 /* Model.swift in Sources */ = {isa = PBXBuildFile; fileRef = 479D143E2D961F7F0081AD45 /* Model.swift */; };
		479D14422D9624840081AD45 /* ViewModel.swift in Sources */ = {isa = PBXBuildFile; fileRef = 479D14412D9624840081AD45 /* ViewModel.swift */; };
/* End PBXBuildFile section */

/* Begin PBXContainerItemProxy section */
		479D14212D961F490081AD45 /* PBXContainerItemProxy */ = {
			isa = PBXContainerItemProxy;
			containerPortal = 479D14072D961F470081AD45 /* Project object */;
			proxyType = 1;
			remoteGlobalIDString = 479D140E2D961F470081AD45;
			remoteInfo = desafio10;
		};
		479D142B2D961F490081AD45 /* PBXContainerItemProxy */ = {
			isa = PBXContainerItemProxy;
			containerPortal = 479D14072D961F470081AD45 /* Project object */;
			proxyType = 1;
			remoteGlobalIDString = 479D140E2D961F470081AD45;
			remoteInfo = desafio10;
		};
/* End PBXContainerItemProxy section */

/* Begin PBXFileReference section */
		479D140F2D961F470081AD45 /* desafio10.app */ = {isa = PBXFileReference; explicitFileType = wrapper.application; includeInIndex = 0; path = desafio10.app; sourceTree = BUILT_PRODUCTS_DIR; };
		479D14122D961F470081AD45 /* desafio10App.swift */ = {isa = PBXFileReference; lastKnownFileType = sourcecode.swift; path = desafio10App.swift; sourceTree = "<group>"; };
		479D14142D961F470081AD45 /* ContentView.swift */ = {isa = PBXFileReference; lastKnownFileType = sourcecode.swift; path = ContentView.swift; sourceTree = "<group>"; };
		479D14162D961F490081AD45 /* Assets.xcassets */ = {isa = PBXFileReference; lastKnownFileType = folder.assetcatalog; path = Assets.xcassets; sourceTree = "<group>"; };
		479D14182D961F490081AD45 /* desafio10.entitlements */ = {isa = PBXFileReference; lastKnownFileType = text.plist.entitlements; path = desafio10.entitlements; sourceTree = "<group>"; };
		479D141A2D961F490081AD45 /* Preview Assets.xcassets */ = {isa = PBXFileReference; lastKnownFileType = folder.assetcatalog; path = "Preview Assets.xcassets"; sourceTree = "<group>"; };
		479D14202D961F490081AD45 /* desafio10Tests.xctest */ = {isa = PBXFileReference; explicitFileType = wrapper.cfbundle; includeInIndex = 0; path = desafio10Tests.xctest; sourceTree = BUILT_PRODUCTS_DIR; };
		479D14242D961F490081AD45 /* desafio10Tests.swift */ = {isa = PBXFileReference; lastKnownFileType = sourcecode.swift; path = desafio10Tests.swift; sourceTree = "<group>"; };
		479D142A2D961F490081AD45 /* desafio10UITests.xctest */ = {isa = PBXFileReference; explicitFileType = wrapper.cfbundle; includeInIndex = 0; path = desafio10UITests.xctest; sourceTree = BUILT_PRODUCTS_DIR; };
		479D142E2D961F490081AD45 /* desafio10UITests.swift */ = {isa = PBXFileReference; lastKnownFileType = sourcecode.swift; path = desafio10UITests.swift; sourceTree = "<group>"; };
		479D14302D961F490081AD45 /* desafio10UITestsLaunchTests.swift */ = {isa = PBXFileReference; lastKnownFileType = sourcecode.swift; path = desafio10UITestsLaunchTests.swift; sourceTree = "<group>"; };
		479D143E2D961F7F0081AD45 /* Model.swift */ = {isa = PBXFileReference; lastKnownFileType = sourcecode.swift; path = Model.swift; sourceTree = "<group>"; };
		479D14412D9624840081AD45 /* ViewModel.swift */ = {isa = PBXFileReference; lastKnownFileType = sourcecode.swift; path = ViewModel.swift; sourceTree = "<group>"; };
/* End PBXFileReference section */

/* Begin PBXFrameworksBuildPhase section */
		479D140C2D961F470081AD45 /* Frameworks */ = {
			isa = PBXFrameworksBuildPhase;
			buildActionMask = 2147483647;
			files = (
			);
			runOnlyForDeploymentPostprocessing = 0;
		};
		479D141D2D961F490081AD45 /* Frameworks */ = {
			isa = PBXFrameworksBuildPhase;
			buildActionMask = 2147483647;
			files = (
			);
			runOnlyForDeploymentPostprocessing = 0;
		};
		479D14272D961F490081AD45 /* Frameworks */ = {
			isa = PBXFrameworksBuildPhase;
			buildActionMask = 2147483647;
			files = (
			);
			runOnlyForDeploymentPostprocessing = 0;
		};
/* End PBXFrameworksBuildPhase section */

/* Begin PBXGroup section */
		479D14062D961F470081AD45 = {
			isa = PBXGroup;
			children = (
				479D14112D961F470081AD45 /* desafio10 */,
				479D14232D961F490081AD45 /* desafio10Tests */,
				479D142D2D961F490081AD45 /* desafio10UITests */,
				479D14102D961F470081AD45 /* Products */,
			);
			sourceTree = "<group>";
		};
		479D14102D961F470081AD45 /* Products */ = {
			isa = PBXGroup;
			children = (
				479D140F2D961F470081AD45 /* desafio10.app */,
				479D14202D961F490081AD45 /* desafio10Tests.xctest */,
				479D142A2D961F490081AD45 /* desafio10UITests.xctest */,
			);
			name = Products;
			sourceTree = "<group>";
		};
		479D14112D961F470081AD45 /* desafio10 */ = {
			isa = PBXGroup;
			children = (
				479D14142D961F470081AD45 /* ContentView.swift */,
				479D14402D9624270081AD45 /* ViewModel */,
				479D14122D961F470081AD45 /* desafio10App.swift */,
				479D143D2D961F700081AD45 /* Model */,
				479D14162D961F490081AD45 /* Assets.xcassets */,
				479D14182D961F490081AD45 /* desafio10.entitlements */,
				479D14192D961F490081AD45 /* Preview Content */,
			);
			path = desafio10;
			sourceTree = "<group>";
		};
		479D14192D961F490081AD45 /* Preview Content */ = {
			isa = PBXGroup;
			children = (
				479D141A2D961F490081AD45 /* Preview Assets.xcassets */,
			);
			path = "Preview Content";
			sourceTree = "<group>";
		};
		479D14232D961F490081AD45 /* desafio10Tests */ = {
			isa = PBXGroup;
			children = (
				479D14242D961F490081AD45 /* desafio10Tests.swift */,
			);
			path = desafio10Tests;
			sourceTree = "<group>";
		};
		479D142D2D961F490081AD45 /* desafio10UITests */ = {
			isa = PBXGroup;
			children = (
				479D142E2D961F490081AD45 /* desafio10UITests.swift */,
				479D14302D961F490081AD45 /* desafio10UITestsLaunchTests.swift */,
			);
			path = desafio10UITests;
			sourceTree = "<group>";
		};
		479D143D2D961F700081AD45 /* Model */ = {
			isa = PBXGroup;
			children = (
				479D143E2D961F7F0081AD45 /* Model.swift */,
			);
			path = Model;
			sourceTree = "<group>";
		};
		479D14402D9624270081AD45 /* ViewModel */ = {
			isa = PBXGroup;
			children = (
				479D14412D9624840081AD45 /* ViewModel.swift */,
			);
			path = ViewModel;
			sourceTree = "<group>";
		};
/* End PBXGroup section */

/* Begin PBXNativeTarget section */
		479D140E2D961F470081AD45 /* desafio10 */ = {
			isa = PBXNativeTarget;
			buildConfigurationList = 479D14342D961F490081AD45 /* Build configuration list for PBXNativeTarget "desafio10" */;
			buildPhases = (
				479D140B2D961F470081AD45 /* Sources */,
				479D140C2D961F470081AD45 /* Frameworks */,
				479D140D2D961F470081AD45 /* Resources */,
			);
			buildRules = (
			);
			dependencies = (
			);
			name = desafio10;
			productName = desafio10;
			productReference = 479D140F2D961F470081AD45 /* desafio10.app */;
			productType = "com.apple.product-type.application";
		};
		479D141F2D961F490081AD45 /* desafio10Tests */ = {
			isa = PBXNativeTarget;
			buildConfigurationList = 479D14372D961F490081AD45 /* Build configuration list for PBXNativeTarget "desafio10Tests" */;
			buildPhases = (
				479D141C2D961F490081AD45 /* Sources */,
				479D141D2D961F490081AD45 /* Frameworks */,
				479D141E2D961F490081AD45 /* Resources */,
			);
			buildRules = (
			);
			dependencies = (
				479D14222D961F490081AD45 /* PBXTargetDependency */,
			);
			name = desafio10Tests;
			productName = desafio10Tests;
			productReference = 479D14202D961F490081AD45 /* desafio10Tests.xctest */;
			productType = "com.apple.product-type.bundle.unit-test";
		};
		479D14292D961F490081AD45 /* desafio10UITests */ = {
			isa = PBXNativeTarget;
			buildConfigurationList = 479D143A2D961F490081AD45 /* Build configuration list for PBXNativeTarget "desafio10UITests" */;
			buildPhases = (
				479D14262D961F490081AD45 /* Sources */,
				479D14272D961F490081AD45 /* Frameworks */,
				479D14282D961F490081AD45 /* Resources */,
			);
			buildRules = (
			);
			dependencies = (
				479D142C2D961F490081AD45 /* PBXTargetDependency */,
			);
			name = desafio10UITests;
			productName = desafio10UITests;
			productReference = 479D142A2D961F490081AD45 /* desafio10UITests.xctest */;
			productType = "com.apple.product-type.bundle.ui-testing";
		};
/* End PBXNativeTarget section */

/* Begin PBXProject section */
		479D14072D961F470081AD45 /* Project object */ = {
			isa = PBXProject;
			attributes = {
				BuildIndependentTargetsInParallel = 1;
				LastSwiftUpdateCheck = 1540;
				LastUpgradeCheck = 1540;
				TargetAttributes = {
					479D140E2D961F470081AD45 = {
						CreatedOnToolsVersion = 15.4;
					};
					479D141F2D961F490081AD45 = {
						CreatedOnToolsVersion = 15.4;
						TestTargetID = 479D140E2D961F470081AD45;
					};
					479D14292D961F490081AD45 = {
						CreatedOnToolsVersion = 15.4;
						TestTargetID = 479D140E2D961F470081AD45;
					};
				};
			};
			buildConfigurationList = 479D140A2D961F470081AD45 /* Build configuration list for PBXProject "desafio10" */;
			compatibilityVersion = "Xcode 14.0";
			developmentRegion = en;
			hasScannedForEncodings = 0;
			knownRegions = (
				en,
				Base,
			);
			mainGroup = 479D14062D961F470081AD45;
			productRefGroup = 479D14102D961F470081AD45 /* Products */;
			projectDirPath = "";
			projectRoot = "";
			targets = (
				479D140E2D961F470081AD45 /* desafio10 */,
				479D141F2D961F490081AD45 /* desafio10Tests */,
				479D14292D961F490081AD45 /* desafio10UITests */,
			);
		};
/* End PBXProject section */

/* Begin PBXResourcesBuildPhase section */
		479D140D2D961F470081AD45 /* Resources */ = {
			isa = PBXResourcesBuildPhase;
			buildActionMask = 2147483647;
			files = (
				479D141B2D961F490081AD45 /* Preview Assets.xcassets in Resources */,
				479D14172D961F490081AD45 /* Assets.xcassets in Resources */,
			);
			runOnlyForDeploymentPostprocessing = 0;
		};
		479D141E2D961F490081AD45 /* Resources */ = {
			isa = PBXResourcesBuildPhase;
			buildActionMask = 2147483647;
			files = (
			);
			runOnlyForDeploymentPostprocessing = 0;
		};
		479D14282D961F490081AD45 /* Resources */ = {
			isa = PBXResourcesBuildPhase;
			buildActionMask = 2147483647;
			files = (
			);
			runOnlyForDeploymentPostprocessing = 0;
		};
/* End PBXResourcesBuildPhase section */

/* Begin PBXSourcesBuildPhase section */
		479D140B2D961F470081AD45 /* Sources */ = {
			isa = PBXSourcesBuildPhase;
			buildActionMask = 2147483647;
			files = (
				479D143F2D961F7F0081AD45 /* Model.swift in Sources */,
				479D14152D961F470081AD45 /* ContentView.swift in Sources */,
				479D14422D9624840081AD45 /* ViewModel.swift in Sources */,
				479D14132D961F470081AD45 /* desafio10App.swift in Sources */,
			);
			runOnlyForDeploymentPostprocessing = 0;
		};
		479D141C2D961F490081AD45 /* Sources */ = {
			isa = PBXSourcesBuildPhase;
			buildActionMask = 2147483647;
			files = (
				479D14252D961F490081AD45 /* desafio10Tests.swift in Sources */,
			);
			runOnlyForDeploymentPostprocessing = 0;
		};
		479D14262D961F490081AD45 /* Sources */ = {
			isa = PBXSourcesBuildPhase;
			buildActionMask = 2147483647;
			files = (
				479D142F2D961F490081AD45 /* desafio10UITests.swift in Sources */,
				479D14312D961F490081AD45 /* desafio10UITestsLaunchTests.swift in Sources */,
			);
			runOnlyForDeploymentPostprocessing = 0;
		};
/* End PBXSourcesBuildPhase section */

/* Begin PBXTargetDependency section */
		479D14222D961F490081AD45 /* PBXTargetDependency */ = {
			isa = PBXTargetDependency;
			target = 479D140E2D961F470081AD45 /* desafio10 */;
			targetProxy = 479D14212D961F490081AD45 /* PBXContainerItemProxy */;
		};
		479D142C2D961F490081AD45 /* PBXTargetDependency */ = {
			isa = PBXTargetDependency;
			target = 479D140E2D961F470081AD45 /* desafio10 */;
			targetProxy = 479D142B2D961F490081AD45 /* PBXContainerItemProxy */;
		};
/* End PBXTargetDependency section */

/* Begin XCBuildConfiguration section */
		479D14322D961F490081AD45 /* Debug */ = {
			isa = XCBuildConfiguration;
			buildSettings = {
				ALWAYS_SEARCH_USER_PATHS = NO;
				ASSETCATALOG_COMPILER_GENERATE_SWIFT_ASSET_SYMBOL_EXTENSIONS = YES;
				CLANG_ANALYZER_NONNULL = YES;
				CLANG_ANALYZER_NUMBER_OBJECT_CONVERSION = YES_AGGRESSIVE;
				CLANG_CXX_LANGUAGE_STANDARD = "gnu++20";
				CLANG_ENABLE_MODULES = YES;
				CLANG_ENABLE_OBJC_ARC = YES;
				CLANG_ENABLE_OBJC_WEAK = YES;
				CLANG_WARN_BLOCK_CAPTURE_AUTORELEASING = YES;
				CLANG_WARN_BOOL_CONVERSION = YES;
				CLANG_WARN_COMMA = YES;
				CLANG_WARN_CONSTANT_CONVERSION = YES;
				CLANG_WARN_DEPRECATED_OBJC_IMPLEMENTATIONS = YES;
				CLANG_WARN_DIRECT_OBJC_ISA_USAGE = YES_ERROR;
				CLANG_WARN_DOCUMENTATION_COMMENTS = YES;
				CLANG_WARN_EMPTY_BODY = YES;
				CLANG_WARN_ENUM_CONVERSION = YES;
				CLANG_WARN_INFINITE_RECURSION = YES;
				CLANG_WARN_INT_CONVERSION = YES;
				CLANG_WARN_NON_LITERAL_NULL_CONVERSION = YES;
				CLANG_WARN_OBJC_IMPLICIT_RETAIN_SELF = YES;
				CLANG_WARN_OBJC_LITERAL_CONVERSION = YES;
				CLANG_WARN_OBJC_ROOT_CLASS = YES_ERROR;
				CLANG_WARN_QUOTED_INCLUDE_IN_FRAMEWORK_HEADER = YES;
				CLANG_WARN_RANGE_LOOP_ANALYSIS = YES;
				CLANG_WARN_STRICT_PROTOTYPES = YES;
				CLANG_WARN_SUSPICIOUS_MOVE = YES;
				CLANG_WARN_UNGUARDED_AVAILABILITY = YES_AGGRESSIVE;
				CLANG_WARN_UNREACHABLE_CODE = YES;
				CLANG_WARN__DUPLICATE_METHOD_MATCH = YES;
				COPY_PHASE_STRIP = NO;
				DEBUG_INFORMATION_FORMAT = dwarf;
				ENABLE_STRICT_OBJC_MSGSEND = YES;
				ENABLE_TESTABILITY = YES;
				ENABLE_USER_SCRIPT_SANDBOXING = YES;
				GCC_C_LANGUAGE_STANDARD = gnu17;
				GCC_DYNAMIC_NO_PIC = NO;
				GCC_NO_COMMON_BLOCKS = YES;
				GCC_OPTIMIZATION_LEVEL = 0;
				GCC_PREPROCESSOR_DEFINITIONS = (
					"DEBUG=1",
					"$(inherited)",
				);
				GCC_WARN_64_TO_32_BIT_CONVERSION = YES;
				GCC_WARN_ABOUT_RETURN_TYPE = YES_ERROR;
				GCC_WARN_UNDECLARED_SELECTOR = YES;
				GCC_WARN_UNINITIALIZED_AUTOS = YES_AGGRESSIVE;
				GCC_WARN_UNUSED_FUNCTION = YES;
				GCC_WARN_UNUSED_VARIABLE = YES;
				LOCALIZATION_PREFERS_STRING_CATALOGS = YES;
				MTL_ENABLE_DEBUG_INFO = INCLUDE_SOURCE;
				MTL_FAST_MATH = YES;
				ONLY_ACTIVE_ARCH = YES;
				SWIFT_ACTIVE_COMPILATION_CONDITIONS = "DEBUG $(inherited)";
				SWIFT_OPTIMIZATION_LEVEL = "-Onone";
			};
			name = Debug;
		};
		479D14332D961F490081AD45 /* Release */ = {
			isa = XCBuildConfiguration;
			buildSettings = {
				ALWAYS_SEARCH_USER_PATHS = NO;
				ASSETCATALOG_COMPILER_GENERATE_SWIFT_ASSET_SYMBOL_EXTENSIONS = YES;
				CLANG_ANALYZER_NONNULL = YES;
				CLANG_ANALYZER_NUMBER_OBJECT_CONVERSION = YES_AGGRESSIVE;
				CLANG_CXX_LANGUAGE_STANDARD = "gnu++20";
				CLANG_ENABLE_MODULES = YES;
				CLANG_ENABLE_OBJC_ARC = YES;
				CLANG_ENABLE_OBJC_WEAK = YES;
				CLANG_WARN_BLOCK_CAPTURE_AUTORELEASING = YES;
				CLANG_WARN_BOOL_CONVERSION = YES;
				CLANG_WARN_COMMA = YES;
				CLANG_WARN_CONSTANT_CONVERSION = YES;
				CLANG_WARN_DEPRECATED_OBJC_IMPLEMENTATIONS = YES;
				CLANG_WARN_DIRECT_OBJC_ISA_USAGE = YES_ERROR;
				CLANG_WARN_DOCUMENTATION_COMMENTS = YES;
				CLANG_WARN_EMPTY_BODY = YES;
				CLANG_WARN_ENUM_CONVERSION = YES;
				CLANG_WARN_INFINITE_RECURSION = YES;
				CLANG_WARN_INT_CONVERSION = YES;
				CLANG_WARN_NON_LITERAL_NULL_CONVERSION = YES;
				CLANG_WARN_OBJC_IMPLICIT_RETAIN_SELF = YES;
				CLANG_WARN_OBJC_LITERAL_CONVERSION = YES;
				CLANG_WARN_OBJC_ROOT_CLASS = YES_ERROR;
				CLANG_WARN_QUOTED_INCLUDE_IN_FRAMEWORK_HEADER = YES;
				CLANG_WARN_RANGE_LOOP_ANALYSIS = YES;
				CLANG_WARN_STRICT_PROTOTYPES = YES;
				CLANG_WARN_SUSPICIOUS_MOVE = YES;
				CLANG_WARN_UNGUARDED_AVAILABILITY = YES_AGGRESSIVE;
				CLANG_WARN_UNREACHABLE_CODE = YES;
				CLANG_WARN__DUPLICATE_METHOD_MATCH = YES;
				COPY_PHASE_STRIP = NO;
				DEBUG_INFORMATION_FORMAT = "dwarf-with-dsym";
				ENABLE_NS_ASSERTIONS = NO;
				ENABLE_STRICT_OBJC_MSGSEND = YES;
				ENABLE_USER_SCRIPT_SANDBOXING = YES;
				GCC_C_LANGUAGE_STANDARD = gnu17;
				GCC_NO_COMMON_BLOCKS = YES;
				GCC_WARN_64_TO_32_BIT_CONVERSION = YES;
				GCC_WARN_ABOUT_RETURN_TYPE = YES_ERROR;
				GCC_WARN_UNDECLARED_SELECTOR = YES;
				GCC_WARN_UNINITIALIZED_AUTOS = YES_AGGRESSIVE;
				GCC_WARN_UNUSED_FUNCTION = YES;
				GCC_WARN_UNUSED_VARIABLE = YES;
				LOCALIZATION_PREFERS_STRING_CATALOGS = YES;
				MTL_ENABLE_DEBUG_INFO = NO;
				MTL_FAST_MATH = YES;
				SWIFT_COMPILATION_MODE = wholemodule;
			};
			name = Release;
		};
		479D14352D961F490081AD45 /* Debug */ = {
			isa = XCBuildConfiguration;
			buildSettings = {
				ASSETCATALOG_COMPILER_APPICON_NAME = AppIcon;
				ASSETCATALOG_COMPILER_GLOBAL_ACCENT_COLOR_NAME = AccentColor;
				CODE_SIGN_ENTITLEMENTS = desafio10/desafio10.entitlements;
				CODE_SIGN_STYLE = Automatic;
				CURRENT_PROJECT_VERSION = 1;
				DEVELOPMENT_ASSET_PATHS = "\"desafio10/Preview Content\"";
				ENABLE_PREVIEWS = YES;
				GENERATE_INFOPLIST_FILE = YES;
				"INFOPLIST_KEY_UIApplicationSceneManifest_Generation[sdk=iphoneos*]" = YES;
				"INFOPLIST_KEY_UIApplicationSceneManifest_Generation[sdk=iphonesimulator*]" = YES;
				"INFOPLIST_KEY_UIApplicationSupportsIndirectInputEvents[sdk=iphoneos*]" = YES;
				"INFOPLIST_KEY_UIApplicationSupportsIndirectInputEvents[sdk=iphonesimulator*]" = YES;
				"INFOPLIST_KEY_UILaunchScreen_Generation[sdk=iphoneos*]" = YES;
				"INFOPLIST_KEY_UILaunchScreen_Generation[sdk=iphonesimulator*]" = YES;
				"INFOPLIST_KEY_UIStatusBarStyle[sdk=iphoneos*]" = UIStatusBarStyleDefault;
				"INFOPLIST_KEY_UIStatusBarStyle[sdk=iphonesimulator*]" = UIStatusBarStyleDefault;
				INFOPLIST_KEY_UISupportedInterfaceOrientations_iPad = "UIInterfaceOrientationPortrait UIInterfaceOrientationPortraitUpsideDown UIInterfaceOrientationLandscapeLeft UIInterfaceOrientationLandscapeRight";
				INFOPLIST_KEY_UISupportedInterfaceOrientations_iPhone = "UIInterfaceOrientationPortrait UIInterfaceOrientationLandscapeLeft UIInterfaceOrientationLandscapeRight";
				IPHONEOS_DEPLOYMENT_TARGET = 17.5;
				LD_RUNPATH_SEARCH_PATHS = "@executable_path/Frameworks";
				"LD_RUNPATH_SEARCH_PATHS[sdk=macosx*]" = "@executable_path/../Frameworks";
				MACOSX_DEPLOYMENT_TARGET = 14.5;
				MARKETING_VERSION = 1.0;
				PRODUCT_BUNDLE_IDENTIFIER = nayron.campos.desafio10;
				PRODUCT_NAME = "$(TARGET_NAME)";
				SDKROOT = auto;
				SUPPORTED_PLATFORMS = "iphoneos iphonesimulator macosx";
				SWIFT_EMIT_LOC_STRINGS = YES;
				SWIFT_VERSION = 5.0;
				TARGETED_DEVICE_FAMILY = "1,2";
			};
			name = Debug;
		};
		479D14362D961F490081AD45 /* Release */ = {
			isa = XCBuildConfiguration;
			buildSettings = {
				ASSETCATALOG_COMPILER_APPICON_NAME = AppIcon;
				ASSETCATALOG_COMPILER_GLOBAL_ACCENT_COLOR_NAME = AccentColor;
				CODE_SIGN_ENTITLEMENTS = desafio10/desafio10.entitlements;
				CODE_SIGN_STYLE = Automatic;
				CURRENT_PROJECT_VERSION = 1;
				DEVELOPMENT_ASSET_PATHS = "\"desafio10/Preview Content\"";
				ENABLE_PREVIEWS = YES;
				GENERATE_INFOPLIST_FILE = YES;
				"INFOPLIST_KEY_UIApplicationSceneManifest_Generation[sdk=iphoneos*]" = YES;
				"INFOPLIST_KEY_UIApplicationSceneManifest_Generation[sdk=iphonesimulator*]" = YES;
				"INFOPLIST_KEY_UIApplicationSupportsIndirectInputEvents[sdk=iphoneos*]" = YES;
				"INFOPLIST_KEY_UIApplicationSupportsIndirectInputEvents[sdk=iphonesimulator*]" = YES;
				"INFOPLIST_KEY_UILaunchScreen_Generation[sdk=iphoneos*]" = YES;
				"INFOPLIST_KEY_UILaunchScreen_Generation[sdk=iphonesimulator*]" = YES;
				"INFOPLIST_KEY_UIStatusBarStyle[sdk=iphoneos*]" = UIStatusBarStyleDefault;
				"INFOPLIST_KEY_UIStatusBarStyle[sdk=iphonesimulator*]" = UIStatusBarStyleDefault;
				INFOPLIST_KEY_UISupportedInterfaceOrientations_iPad = "UIInterfaceOrientationPortrait UIInterfaceOrientationPortraitUpsideDown UIInterfaceOrientationLandscapeLeft UIInterfaceOrientationLandscapeRight";
				INFOPLIST_KEY_UISupportedInterfaceOrientations_iPhone = "UIInterfaceOrientationPortrait UIInterfaceOrientationLandscapeLeft UIInterfaceOrientationLandscapeRight";
				IPHONEOS_DEPLOYMENT_TARGET = 17.5;
				LD_RUNPATH_SEARCH_PATHS = "@executable_path/Frameworks";
				"LD_RUNPATH_SEARCH_PATHS[sdk=macosx*]" = "@executable_path/../Frameworks";
				MACOSX_DEPLOYMENT_TARGET = 14.5;
				MARKETING_VERSION = 1.0;
				PRODUCT_BUNDLE_IDENTIFIER = nayron.campos.desafio10;
				PRODUCT_NAME = "$(TARGET_NAME)";
				SDKROOT = auto;
				SUPPORTED_PLATFORMS = "iphoneos iphonesimulator macosx";
				SWIFT_EMIT_LOC_STRINGS = YES;
				SWIFT_VERSION = 5.0;
				TARGETED_DEVICE_FAMILY = "1,2";
			};
			name = Release;
		};
		479D14382D961F490081AD45 /* Debug */ = {
			isa = XCBuildConfiguration;
			buildSettings = {
				ALWAYS_EMBED_SWIFT_STANDARD_LIBRARIES = YES;
				BUNDLE_LOADER = "$(TEST_HOST)";
				CODE_SIGN_STYLE = Automatic;
				CURRENT_PROJECT_VERSION = 1;
				GENERATE_INFOPLIST_FILE = YES;
				IPHONEOS_DEPLOYMENT_TARGET = 17.5;
				MACOSX_DEPLOYMENT_TARGET = 14.5;
				MARKETING_VERSION = 1.0;
				PRODUCT_BUNDLE_IDENTIFIER = nayron.campos.desafio10Tests;
				PRODUCT_NAME = "$(TARGET_NAME)";
				SDKROOT = auto;
				SUPPORTED_PLATFORMS = "iphoneos iphonesimulator macosx";
				SWIFT_EMIT_LOC_STRINGS = NO;
				SWIFT_VERSION = 5.0;
				TARGETED_DEVICE_FAMILY = "1,2";
				TEST_HOST = "$(BUILT_PRODUCTS_DIR)/desafio10.app/$(BUNDLE_EXECUTABLE_FOLDER_PATH)/desafio10";
			};
			name = Debug;
		};
		479D14392D961F490081AD45 /* Release */ = {
			isa = XCBuildConfiguration;
			buildSettings = {
				ALWAYS_EMBED_SWIFT_STANDARD_LIBRARIES = YES;
				BUNDLE_LOADER = "$(TEST_HOST)";
				CODE_SIGN_STYLE = Automatic;
				CURRENT_PROJECT_VERSION = 1;
				GENERATE_INFOPLIST_FILE = YES;
				IPHONEOS_DEPLOYMENT_TARGET = 17.5;
				MACOSX_DEPLOYMENT_TARGET = 14.5;
				MARKETING_VERSION = 1.0;
				PRODUCT_BUNDLE_IDENTIFIER = nayron.campos.desafio10Tests;
				PRODUCT_NAME = "$(TARGET_NAME)";
				SDKROOT = auto;
				SUPPORTED_PLATFORMS = "iphoneos iphonesimulator macosx";
				SWIFT_EMIT_LOC_STRINGS = NO;
				SWIFT_VERSION = 5.0;
				TARGETED_DEVICE_FAMILY = "1,2";
				TEST_HOST = "$(BUILT_PRODUCTS_DIR)/desafio10.app/$(BUNDLE_EXECUTABLE_FOLDER_PATH)/desafio10";
			};
			name = Release;
		};
		479D143B2D961F490081AD45 /* Debug */ = {
			isa = XCBuildConfiguration;
			buildSettings = {
				ALWAYS_EMBED_SWIFT_STANDARD_LIBRARIES = YES;
				CODE_SIGN_STYLE = Automatic;
				CURRENT_PROJECT_VERSION = 1;
				GENERATE_INFOPLIST_FILE = YES;
				IPHONEOS_DEPLOYMENT_TARGET = 17.5;
				MACOSX_DEPLOYMENT_TARGET = 14.5;
				MARKETING_VERSION = 1.0;
				PRODUCT_BUNDLE_IDENTIFIER = nayron.campos.desafio10UITests;
				PRODUCT_NAME = "$(TARGET_NAME)";
				SDKROOT = auto;
				SUPPORTED_PLATFORMS = "iphoneos iphonesimulator macosx";
				SWIFT_EMIT_LOC_STRINGS = NO;
				SWIFT_VERSION = 5.0;
				TARGETED_DEVICE_FAMILY = "1,2";
				TEST_TARGET_NAME = desafio10;
			};
			name = Debug;
		};
		479D143C2D961F490081AD45 /* Release */ = {
			isa = XCBuildConfiguration;
			buildSettings = {
				ALWAYS_EMBED_SWIFT_STANDARD_LIBRARIES = YES;
				CODE_SIGN_STYLE = Automatic;
				CURRENT_PROJECT_VERSION = 1;
				GENERATE_INFOPLIST_FILE = YES;
				IPHONEOS_DEPLOYMENT_TARGET = 17.5;
				MACOSX_DEPLOYMENT_TARGET = 14.5;
				MARKETING_VERSION = 1.0;
				PRODUCT_BUNDLE_IDENTIFIER = nayron.campos.desafio10UITests;
				PRODUCT_NAME = "$(TARGET_NAME)";
				SDKROOT = auto;
				SUPPORTED_PLATFORMS = "iphoneos iphonesimulator macosx";
				SWIFT_EMIT_LOC_STRINGS = NO;
				SWIFT_VERSION = 5.0;
				TARGETED_DEVICE_FAMILY = "1,2";
				TEST_TARGET_NAME = desafio10;
			};
			name = Release;
		};
/* End XCBuildConfiguration section */

/* Begin XCConfigurationList section */
		479D140A2D961F470081AD45 /* Build configuration list for PBXProject "desafio10" */ = {
			isa = XCConfigurationList;
			buildConfigurations = (
				479D14322D961F490081AD45 /* Debug */,
				479D14332D961F490081AD45 /* Release */,
			);
			defaultConfigurationIsVisible = 0;
			defaultConfigurationName = Release;
		};
		479D14342D961F490081AD45 /* Build configuration list for PBXNativeTarget "desafio10" */ = {
			isa = XCConfigurationList;
			buildConfigurations = (
				479D14352D961F490081AD45 /* Debug */,
				479D14362D961F490081AD45 /* Release */,
			);
			defaultConfigurationIsVisible = 0;
			defaultConfigurationName = Release;
		};
		479D14372D961F490081AD45 /* Build configuration list for PBXNativeTarget "desafio10Tests" */ = {
			isa = XCConfigurationList;
			buildConfigurations = (
				479D14382D961F490081AD45 /* Debug */,
				479D14392D961F490081AD45 /* Release */,
			);
			defaultConfigurationIsVisible = 0;
			defaultConfigurationName = Release;
		};
		479D143A2D961F490081AD45 /* Build configuration list for PBXNativeTarget "desafio10UITests" */ = {
			isa = XCConfigurationList;
			buildConfigurations = (
				479D143B2D961F490081AD45 /* Debug */,
				479D143C2D961F490081AD45 /* Release */,
			);
			defaultConfigurationIsVisible = 0;
			defaultConfigurationName = Release;
		};
/* End XCConfigurationList section */
	};
	rootObject = 479D14072D961F470081AD45 /* Project object */;
}
